
Microsoft Visual Studio Solution File, Format Version 12.00
# Visual Studio Version 17
VisualStudioVersion = 17.10.35027.167
MinimumVisualStudioVersion = 10.0.40219.1
Project("{9A19103F-16F7-4668-BE54-9A1E7A4F7556}") = "Genie.Web.Api", "Genie.Web.Api.csproj", "{DD95B1B9-92E7-4F44-AAD4-B836CD4EB46A}"
EndProject
Project("{9A19103F-16F7-4668-BE54-9A1E7A4F7556}") = "Genie.Common", "..\Genie.Common\Genie.Common.csproj", "{155F705B-979C-403E-9125-EC592505D7B1}"
EndProject
Project("{9A19103F-16F7-4668-BE54-9A1E7A4F7556}") = "Genie.Actors", "..\Genie.Actors\Genie.Actors.csproj", "{8E5AA57F-B43B-40B8-80BB-97823D37EA74}"
EndProject
Project("{2150E333-8FDC-42A3-9474-1A3956D46DE8}") = "SharedFiles", "SharedFiles", "{6BE6890F-D8A6-49D6-9D18-F82D88EB0953}"
	ProjectSection(SolutionItems) = preProject
		..\SharedFiles\appsettings.Development.json = ..\SharedFiles\appsettings.Development.json
		..\SharedFiles\appsettings.json = ..\SharedFiles\appsettings.json
		..\SharedFiles\appsettings.UnitTest.json = ..\SharedFiles\appsettings.UnitTest.json
		..\SharedFiles\geocast.png = ..\SharedFiles\geocast.png
		..\SharedFiles\luxePod.pfx = ..\SharedFiles\luxePod.pfx
	EndProjectSection
EndProject
Project("{9A19103F-16F7-4668-BE54-9A1E7A4F7556}") = "Genie.Scratch", "..\Genie.Scratch\Genie.Scratch.csproj", "{FBD870F2-A142-48BD-BB89-A1BF0E50A997}"
EndProject
Project("{9A19103F-16F7-4668-BE54-9A1E7A4F7556}") = "Genie.Benchmarks", "..\Genie.Benchmarks\Genie.Benchmarks.csproj", "{974B9C31-872D-437C-86EA-0B40F8A50400}"
EndProject
Project("{9A19103F-16F7-4668-BE54-9A1E7A4F7556}") = "Genie.IngressConsumer", "..\Genie.IngressConsumer\Genie.IngressConsumer.csproj", "{E896B40E-5F53-44E1-B519-4C69CA4306B6}"
EndProject
Project("{9A19103F-16F7-4668-BE54-9A1E7A4F7556}") = "Genie.Extensions.Genius", "..\Genie.Extensions.Genius\Genie.Extensions.Genius.csproj", "{8627E456-22E5-42FB-A055-4FE7C80A1852}"
EndProject
Project("{9A19103F-16F7-4668-BE54-9A1E7A4F7556}") = "GameLicenseExample", "..\GameLicenseExample\GameLicenseExample.csproj", "{E2F9BBCE-A45B-4E93-86A1-F1D3EC24CFE3}"
EndProject
Project("{2150E333-8FDC-42A3-9474-1A3956D46DE8}") = "Protos", "Protos", "{729FA1B2-130A-400B-ACA9-5282680C1989}"
	ProjectSection(SolutionItems) = preProject
		..\SharedFiles\Protos\changefeed.proto = ..\SharedFiles\Protos\changefeed.proto
		..\SharedFiles\Protos\event.proto = ..\SharedFiles\Protos\event.proto
		..\SharedFiles\Protos\genius.proto = ..\SharedFiles\Protos\genius.proto
		..\SharedFiles\Protos\shared.proto = ..\SharedFiles\Protos\shared.proto
	EndProjectSection
EndProject
Project("{9A19103F-16F7-4668-BE54-9A1E7A4F7556}") = "Genie.Common.Crypto", "..\Genie.Common.Adapters.Crypto\Genie.Common.Crypto.csproj", "{F3C91301-8385-4997-941A-9AC48D443417}"
EndProject
Project("{2150E333-8FDC-42A3-9474-1A3956D46DE8}") = "Keys", "Keys", "{2DA4BF80-6AD9-4214-A568-E63CF8BAD745}"
EndProject
Project("{2150E333-8FDC-42A3-9474-1A3956D46DE8}") = "Alice", "Alice", "{0B9BA3B0-805D-40FE-BD71-DA3EA9870ED5}"
EndProject
Project("{2150E333-8FDC-42A3-9474-1A3956D46DE8}") = "Bob", "Bob", "{BEB6C52B-344C-4410-B2D6-8FD1F622F14D}"
EndProject
Project("{9A19103F-16F7-4668-BE54-9A1E7A4F7556}") = "Genie.Utils", "..\Genie.Utils\Genie.Utils.csproj", "{73072F3E-59C2-4045-8BC3-ED47543182D0}"
EndProject
Project("{9A19103F-16F7-4668-BE54-9A1E7A4F7556}") = "Genie.Common.Crypto.Nist", "..\Genie.Common.Crypto.Nist\Genie.Common.Crypto.Nist.csproj", "{F9B395A5-79CD-4AC5-8140-37F7C3F0655A}"
EndProject
Project("{2150E333-8FDC-42A3-9474-1A3956D46DE8}") = "Secp", "Secp", "{DDEC9E89-87D3-4AD3-8606-E375C956E89E}"
	ProjectSection(SolutionItems) = preProject
		..\SharedFiles\Keys\Bob\BobSecp256k1Adapter.cer = ..\SharedFiles\Keys\Bob\BobSecp256k1Adapter.cer
		..\SharedFiles\Keys\Bob\BobSecp256k1Adapter.key = ..\SharedFiles\Keys\Bob\BobSecp256k1Adapter.key
		..\SharedFiles\Keys\Bob\BobSecp256r1SigningAdapter.cer = ..\SharedFiles\Keys\Bob\BobSecp256r1SigningAdapter.cer
		..\SharedFiles\Keys\Bob\BobSecp256r1SigningAdapter.key = ..\SharedFiles\Keys\Bob\BobSecp256r1SigningAdapter.key
		..\SharedFiles\Keys\Bob\BobSecp384r1SigningAdapter.cer = ..\SharedFiles\Keys\Bob\BobSecp384r1SigningAdapter.cer
		..\SharedFiles\Keys\Bob\BobSecp384r1SigningAdapter.key = ..\SharedFiles\Keys\Bob\BobSecp384r1SigningAdapter.key
		..\SharedFiles\Keys\Bob\BobSecp521r1SigningAdapter.cer = ..\SharedFiles\Keys\Bob\BobSecp521r1SigningAdapter.cer
		..\SharedFiles\Keys\Bob\BobSecp521r1SigningAdapter.key = ..\SharedFiles\Keys\Bob\BobSecp521r1SigningAdapter.key
	EndProjectSection
EndProject
Project("{2150E333-8FDC-42A3-9474-1A3956D46DE8}") = "Secp", "Secp", "{BE50BBEF-A370-4086-85A0-C3A2FEC21F29}"
	ProjectSection(SolutionItems) = preProject
		..\SharedFiles\Keys\Alice\AliceSecp256k1Adapter.cer = ..\SharedFiles\Keys\Alice\AliceSecp256k1Adapter.cer
		..\SharedFiles\Keys\Alice\AliceSecp256k1Adapter.key = ..\SharedFiles\Keys\Alice\AliceSecp256k1Adapter.key
		..\SharedFiles\Keys\Alice\AliceSecp256r1SigningAdapter.cer = ..\SharedFiles\Keys\Alice\AliceSecp256r1SigningAdapter.cer
		..\SharedFiles\Keys\Alice\AliceSecp256r1SigningAdapter.key = ..\SharedFiles\Keys\Alice\AliceSecp256r1SigningAdapter.key
		..\SharedFiles\Keys\Alice\AliceSecp384r1SigningAdapter.cer = ..\SharedFiles\Keys\Alice\AliceSecp384r1SigningAdapter.cer
		..\SharedFiles\Keys\Alice\AliceSecp384r1SigningAdapter.key = ..\SharedFiles\Keys\Alice\AliceSecp384r1SigningAdapter.key
		..\SharedFiles\Keys\Alice\AliceSecp521r1SigningAdapter.cer = ..\SharedFiles\Keys\Alice\AliceSecp521r1SigningAdapter.cer
		..\SharedFiles\Keys\Alice\AliceSecp521r1SigningAdapter.key = ..\SharedFiles\Keys\Alice\AliceSecp521r1SigningAdapter.key
	EndProjectSection
EndProject
Project("{2150E333-8FDC-42A3-9474-1A3956D46DE8}") = "Rsa", "Rsa", "{9CA98DC8-871C-4A0B-943E-34049F3D36AB}"
	ProjectSection(SolutionItems) = preProject
		..\SharedFiles\Keys\Alice\Rsa\AliceRsa1024Adapter.cer = ..\SharedFiles\Keys\Alice\Rsa\AliceRsa1024Adapter.cer
		..\SharedFiles\Keys\Alice\Rsa\AliceRsa1024Adapter.key = ..\SharedFiles\Keys\Alice\Rsa\AliceRsa1024Adapter.key
		..\SharedFiles\Keys\Alice\Rsa\AliceRsa2048Adapter.cer = ..\SharedFiles\Keys\Alice\Rsa\AliceRsa2048Adapter.cer
		..\SharedFiles\Keys\Alice\Rsa\AliceRsa2048Adapter.key = ..\SharedFiles\Keys\Alice\Rsa\AliceRsa2048Adapter.key
		..\SharedFiles\Keys\Alice\Rsa\AliceRsa4096Adapter.cer = ..\SharedFiles\Keys\Alice\Rsa\AliceRsa4096Adapter.cer
		..\SharedFiles\Keys\Alice\Rsa\AliceRsa4096Adapter.key = ..\SharedFiles\Keys\Alice\Rsa\AliceRsa4096Adapter.key
	EndProjectSection
EndProject
Project("{2150E333-8FDC-42A3-9474-1A3956D46DE8}") = "Rsa", "Rsa", "{AEAE982E-C5E5-43F4-AFFD-3694D008DF46}"
	ProjectSection(SolutionItems) = preProject
		..\SharedFiles\Keys\Bob\Rsa\BobRsa1024Adapter.cer = ..\SharedFiles\Keys\Bob\Rsa\BobRsa1024Adapter.cer
		..\SharedFiles\Keys\Bob\Rsa\BobRsa1024Adapter.key = ..\SharedFiles\Keys\Bob\Rsa\BobRsa1024Adapter.key
		..\SharedFiles\Keys\Bob\Rsa\BobRsa2048Adapter.cer = ..\SharedFiles\Keys\Bob\Rsa\BobRsa2048Adapter.cer
		..\SharedFiles\Keys\Bob\Rsa\BobRsa2048Adapter.key = ..\SharedFiles\Keys\Bob\Rsa\BobRsa2048Adapter.key
		..\SharedFiles\Keys\Bob\Rsa\BobRsa4096Adapter.cer = ..\SharedFiles\Keys\Bob\Rsa\BobRsa4096Adapter.cer
		..\SharedFiles\Keys\Bob\Rsa\BobRsa4096Adapter.key = ..\SharedFiles\Keys\Bob\Rsa\BobRsa4096Adapter.key
	EndProjectSection
EndProject
Project("{2150E333-8FDC-42A3-9474-1A3956D46DE8}") = "Curve25519", "Curve25519", "{A20E66C9-8436-4484-BB0A-4BFDBE098F34}"
	ProjectSection(SolutionItems) = preProject
		..\SharedFiles\Keys\Bob\Curve25519\BobEd448.cer = ..\SharedFiles\Keys\Bob\Curve25519\BobEd448.cer
		..\SharedFiles\Keys\Bob\Curve25519\BobEd448.key = ..\SharedFiles\Keys\Bob\Curve25519\BobEd448.key
		..\SharedFiles\Keys\Bob\Curve25519\BobX448.cer = ..\SharedFiles\Keys\Bob\Curve25519\BobX448.cer
		..\SharedFiles\Keys\Bob\Curve25519\BobX448.key = ..\SharedFiles\Keys\Bob\Curve25519\BobX448.key
		..\SharedFiles\Keys\Bob\Curve25519\Ed25519SigningAdapter.cer = ..\SharedFiles\Keys\Bob\Curve25519\Ed25519SigningAdapter.cer
		..\SharedFiles\Keys\Bob\Curve25519\Ed25519SigningAdapter.key = ..\SharedFiles\Keys\Bob\Curve25519\Ed25519SigningAdapter.key
		..\SharedFiles\Keys\Bob\Curve25519\X25519Adapter.cer = ..\SharedFiles\Keys\Bob\Curve25519\X25519Adapter.cer
		..\SharedFiles\Keys\Bob\Curve25519\X25519Adapter.key = ..\SharedFiles\Keys\Bob\Curve25519\X25519Adapter.key
	EndProjectSection
EndProject
Project("{2150E333-8FDC-42A3-9474-1A3956D46DE8}") = "ModuleLattice", "ModuleLattice", "{60AEF05E-5646-487F-B24A-51525E62913B}"
	ProjectSection(SolutionItems) = preProject
		..\SharedFiles\Keys\Bob\ModuleLattice\BobDilithium2.cer = ..\SharedFiles\Keys\Bob\ModuleLattice\BobDilithium2.cer
		..\SharedFiles\Keys\Bob\ModuleLattice\BobDilithium2.key = ..\SharedFiles\Keys\Bob\ModuleLattice\BobDilithium2.key
		..\SharedFiles\Keys\Bob\ModuleLattice\BobDilithium3.cer = ..\SharedFiles\Keys\Bob\ModuleLattice\BobDilithium3.cer
		..\SharedFiles\Keys\Bob\ModuleLattice\BobDilithium3.key = ..\SharedFiles\Keys\Bob\ModuleLattice\BobDilithium3.key
		..\SharedFiles\Keys\Bob\ModuleLattice\BobDilithium5.cer = ..\SharedFiles\Keys\Bob\ModuleLattice\BobDilithium5.cer
		..\SharedFiles\Keys\Bob\ModuleLattice\BobDilithium5.key = ..\SharedFiles\Keys\Bob\ModuleLattice\BobDilithium5.key
		..\SharedFiles\Keys\Bob\ModuleLattice\BobKyber1024.cer = ..\SharedFiles\Keys\Bob\ModuleLattice\BobKyber1024.cer
		..\SharedFiles\Keys\Bob\ModuleLattice\BobKyber1024.key = ..\SharedFiles\Keys\Bob\ModuleLattice\BobKyber1024.key
		..\SharedFiles\Keys\Bob\ModuleLattice\BobKyber512.cer = ..\SharedFiles\Keys\Bob\ModuleLattice\BobKyber512.cer
		..\SharedFiles\Keys\Bob\ModuleLattice\BobKyber512.key = ..\SharedFiles\Keys\Bob\ModuleLattice\BobKyber512.key
		..\SharedFiles\Keys\Bob\ModuleLattice\BobKyber768.cer = ..\SharedFiles\Keys\Bob\ModuleLattice\BobKyber768.cer
		..\SharedFiles\Keys\Bob\ModuleLattice\BobKyber768.key = ..\SharedFiles\Keys\Bob\ModuleLattice\BobKyber768.key
	EndProjectSection
EndProject
Project("{2150E333-8FDC-42A3-9474-1A3956D46DE8}") = "Curve25519", "Curve25519", "{90FB84C3-8F67-4DCD-AE0D-BE4313234BE5}"
	ProjectSection(SolutionItems) = preProject
		..\SharedFiles\Keys\Alice\Curve25519\AliceEd448.cer = ..\SharedFiles\Keys\Alice\Curve25519\AliceEd448.cer
		..\SharedFiles\Keys\Alice\Curve25519\AliceEd448.key = ..\SharedFiles\Keys\Alice\Curve25519\AliceEd448.key
		..\SharedFiles\Keys\Alice\Curve25519\AliceX448.cer = ..\SharedFiles\Keys\Alice\Curve25519\AliceX448.cer
		..\SharedFiles\Keys\Alice\Curve25519\AliceX448.key = ..\SharedFiles\Keys\Alice\Curve25519\AliceX448.key
		..\SharedFiles\Keys\Alice\Curve25519\Ed25519SigningAdapter.cer = ..\SharedFiles\Keys\Alice\Curve25519\Ed25519SigningAdapter.cer
		..\SharedFiles\Keys\Alice\Curve25519\Ed25519SigningAdapter.key = ..\SharedFiles\Keys\Alice\Curve25519\Ed25519SigningAdapter.key
		..\SharedFiles\Keys\Alice\Curve25519\X25519Adapter.cer = ..\SharedFiles\Keys\Alice\Curve25519\X25519Adapter.cer
		..\SharedFiles\Keys\Alice\Curve25519\X25519Adapter.key = ..\SharedFiles\Keys\Alice\Curve25519\X25519Adapter.key
	EndProjectSection
EndProject
Project("{2150E333-8FDC-42A3-9474-1A3956D46DE8}") = "ModuleLattice", "ModuleLattice", "{F802A7A2-D1F6-4A2C-BD5F-FCE2E137DF9F}"
	ProjectSection(SolutionItems) = preProject
		..\SharedFiles\Keys\Alice\ModuleLattice\AliceDilithium2.cer = ..\SharedFiles\Keys\Alice\ModuleLattice\AliceDilithium2.cer
		..\SharedFiles\Keys\Alice\ModuleLattice\AliceDilithium2.key = ..\SharedFiles\Keys\Alice\ModuleLattice\AliceDilithium2.key
		..\SharedFiles\Keys\Alice\ModuleLattice\AliceDilithium3.cer = ..\SharedFiles\Keys\Alice\ModuleLattice\AliceDilithium3.cer
		..\SharedFiles\Keys\Alice\ModuleLattice\AliceDilithium3.key = ..\SharedFiles\Keys\Alice\ModuleLattice\AliceDilithium3.key
		..\SharedFiles\Keys\Alice\ModuleLattice\AliceDilithium5.cer = ..\SharedFiles\Keys\Alice\ModuleLattice\AliceDilithium5.cer
		..\SharedFiles\Keys\Alice\ModuleLattice\AliceDilithium5.key = ..\SharedFiles\Keys\Alice\ModuleLattice\AliceDilithium5.key
		..\SharedFiles\Keys\Alice\ModuleLattice\AliceKyber1024.cer = ..\SharedFiles\Keys\Alice\ModuleLattice\AliceKyber1024.cer
		..\SharedFiles\Keys\Alice\ModuleLattice\AliceKyber1024.key = ..\SharedFiles\Keys\Alice\ModuleLattice\AliceKyber1024.key
		..\SharedFiles\Keys\Alice\ModuleLattice\AliceKyber512.cer = ..\SharedFiles\Keys\Alice\ModuleLattice\AliceKyber512.cer
		..\SharedFiles\Keys\Alice\ModuleLattice\AliceKyber512.key = ..\SharedFiles\Keys\Alice\ModuleLattice\AliceKyber512.key
		..\SharedFiles\Keys\Alice\ModuleLattice\AliceKyber768.cer = ..\SharedFiles\Keys\Alice\ModuleLattice\AliceKyber768.cer
		..\SharedFiles\Keys\Alice\ModuleLattice\AliceKyber768.key = ..\SharedFiles\Keys\Alice\ModuleLattice\AliceKyber768.key
	EndProjectSection
EndProject
Project("{2150E333-8FDC-42A3-9474-1A3956D46DE8}") = "Bouncy", "Bouncy", "{3B124940-E98A-4B51-AFF2-B44DECD1A087}"
	ProjectSection(SolutionItems) = preProject
		..\SharedFiles\Keys\Alice\Secp\Bouncy\AliceSecp256R1.cer = ..\SharedFiles\Keys\Alice\Secp\Bouncy\AliceSecp256R1.cer
		..\SharedFiles\Keys\Alice\Secp\Bouncy\AliceSecp256R1.key = ..\SharedFiles\Keys\Alice\Secp\Bouncy\AliceSecp256R1.key
		..\SharedFiles\Keys\Alice\Secp\Bouncy\AliceSecp384R1.cer = ..\SharedFiles\Keys\Alice\Secp\Bouncy\AliceSecp384R1.cer
		..\SharedFiles\Keys\Alice\Secp\Bouncy\AliceSecp384R1.key = ..\SharedFiles\Keys\Alice\Secp\Bouncy\AliceSecp384R1.key
		..\SharedFiles\Keys\Alice\Secp\Bouncy\AliceSecp521R1.cer = ..\SharedFiles\Keys\Alice\Secp\Bouncy\AliceSecp521R1.cer
		..\SharedFiles\Keys\Alice\Secp\Bouncy\AliceSecp521R1.key = ..\SharedFiles\Keys\Alice\Secp\Bouncy\AliceSecp521R1.key
	EndProjectSection
EndProject
Project("{2150E333-8FDC-42A3-9474-1A3956D46DE8}") = "Bouncy", "Bouncy", "{062C4C6E-CAB6-4D8B-A4A9-094602D4173E}"
	ProjectSection(SolutionItems) = preProject
		..\SharedFiles\Keys\Bob\Secp\Bouncy\BobSecp256R1.cer = ..\SharedFiles\Keys\Bob\Secp\Bouncy\BobSecp256R1.cer
		..\SharedFiles\Keys\Bob\Secp\Bouncy\BobSecp256R1.key = ..\SharedFiles\Keys\Bob\Secp\Bouncy\BobSecp256R1.key
		..\SharedFiles\Keys\Bob\Secp\Bouncy\BobSecp384R1.cer = ..\SharedFiles\Keys\Bob\Secp\Bouncy\BobSecp384R1.cer
		..\SharedFiles\Keys\Bob\Secp\Bouncy\BobSecp384R1.key = ..\SharedFiles\Keys\Bob\Secp\Bouncy\BobSecp384R1.key
		..\SharedFiles\Keys\Bob\Secp\Bouncy\BobSecp521R1.cer = ..\SharedFiles\Keys\Bob\Secp\Bouncy\BobSecp521R1.cer
		..\SharedFiles\Keys\Bob\Secp\Bouncy\BobSecp521R1.key = ..\SharedFiles\Keys\Bob\Secp\Bouncy\BobSecp521R1.key
	EndProjectSection
EndProject
Project("{2150E333-8FDC-42A3-9474-1A3956D46DE8}") = "Genie.Adapters.Brokers", "Genie.Adapters.Brokers", "{B7E25710-E0A1-4F1D-8B94-C0968125496B}"
EndProject
Project("{9A19103F-16F7-4668-BE54-9A1E7A4F7556}") = "Genie.Adapters.Brokers.ActiveMQ", "..\Genie.Adapters.Brokers\Genie.Adapters.Brokers.ActiveMQ\Genie.Adapters.Brokers.ActiveMQ.csproj", "{1C8A759C-03EA-4D64-81EA-2EB7E58097C1}"
EndProject
Project("{9A19103F-16F7-4668-BE54-9A1E7A4F7556}") = "Genie.Adapters.Brokers.Aeron", "..\Genie.Adapters.Brokers\Genie.Adapters.Brokers.Aeron\Genie.Adapters.Brokers.Aeron.csproj", "{2BA294DD-1BC0-401B-8941-E7FE9E877F1D}"
EndProject
Project("{9A19103F-16F7-4668-BE54-9A1E7A4F7556}") = "Genie.Adapters.Brokers.Kafka", "..\Genie.Adapters.Brokers\Genie.Adapters.Brokers.Kafka\Genie.Adapters.Brokers.Kafka.csproj", "{6DCFAACA-E797-4B6A-A20A-1BC47AC57275}"
EndProject
Project("{9A19103F-16F7-4668-BE54-9A1E7A4F7556}") = "Genie.Adapters.Brokers.MQTT", "..\Genie.Adapters.Brokers\Genie.Adapters.Brokers.MQTT\Genie.Adapters.Brokers.MQTT.csproj", "{BF104AF5-0D28-4BBD-9F0C-84472067C4AB}"
EndProject
Project("{9A19103F-16F7-4668-BE54-9A1E7A4F7556}") = "Genie.Adapters.Brokers.NATS", "..\Genie.Adapters.Brokers\Genie.Adapters.Brokers.NATS\Genie.Adapters.Brokers.NATS.csproj", "{103D0193-2675-4F8D-9C74-62DA8F649CD4}"
EndProject
Project("{9A19103F-16F7-4668-BE54-9A1E7A4F7556}") = "Genie.Adapters.Brokers.Pulsar", "..\Genie.Adapters.Brokers\Genie.Adapters.Brokers.Pulsar\Genie.Adapters.Brokers.Pulsar.csproj", "{F0B4191A-05EF-414C-9393-890F8C6824D7}"
EndProject
Project("{9A19103F-16F7-4668-BE54-9A1E7A4F7556}") = "Genie.Adapters.Brokers.RabbitMQ", "..\Genie.Adapters.Brokers\Genie.Adapters.Brokers.RabbitMQ\Genie.Adapters.Brokers.RabbitMQ.csproj", "{27F76361-5988-44B1-BAA4-7502F412C018}"
EndProject
Project("{9A19103F-16F7-4668-BE54-9A1E7A4F7556}") = "Genie.Adapters.Brokers.ZeroMQ", "..\Genie.Adapters.Brokers\Genie.Adapters.Brokers.ZeroMQ\Genie.Adapters.Brokers.ZeroMQ.csproj", "{C67F1426-D761-4709-89DC-35ECE2F84660}"
EndProject
Project("{2150E333-8FDC-42A3-9474-1A3956D46DE8}") = "Genie.Adapters.Persistence", "Genie.Adapters.Persistence", "{305D42BB-1422-46BC-BD08-CD647F77AA5B}"
EndProject
Project("{9A19103F-16F7-4668-BE54-9A1E7A4F7556}") = "Genie.Adapters.Persistence.RavenDB", "..\Genie.Adapters.Persistence\Genie.Adapters.Persistence.RavenDB\Genie.Adapters.Persistence.RavenDB.csproj", "{C07847C4-1882-42B5-83C5-32E4D8F5C6D0}"
EndProject
Project("{9A19103F-16F7-4668-BE54-9A1E7A4F7556}") = "Genie.Adapters.Persistence.MongoDB", "..\Genie.Adapters.Persistence\Genie.Adapters.Persistence.MongoDB\Genie.Adapters.Persistence.MongoDB.csproj", "{C38FC24A-3332-421D-B3E8-BB889FBC3C6A}"
EndProject
Project("{9A19103F-16F7-4668-BE54-9A1E7A4F7556}") = "Genie.Adapters.Persistence.Cassandra", "..\Genie.Adapters.Persistence\Genie.Adapters.Persistence.Cassandra\Genie.Adapters.Persistence.Cassandra.csproj", "{230DDF1F-62E5-4C9B-A222-8256DADD1652}"
EndProject
Project("{9A19103F-16F7-4668-BE54-9A1E7A4F7556}") = "Genie.Adapters.Persistence.Couchbase", "..\Genie.Adapters.Persistence\Genie.Adapters.Persistence.Couchbase\Genie.Adapters.Persistence.Couchbase.csproj", "{8C7184AE-7AE3-4804-A2B4-5C04C5E6902E}"
EndProject
Project("{9A19103F-16F7-4668-BE54-9A1E7A4F7556}") = "Genie.Adapters.Persistence.CouchDB", "..\Genie.Adapters.Persistence\Genie.Adapters.Persistencce.CouchDB\Genie.Adapters.Persistence.CouchDB.csproj", "{18CD90AA-B2D3-4F81-92CE-9E72BC32B015}"
EndProject
Project("{9A19103F-16F7-4668-BE54-9A1E7A4F7556}") = "Genie.Adapters.Persistence.ScyllaDB", "..\Genie.Adapters.Persistence\Genie.Adapters.Persistence.ScyllaDB\Genie.Adapters.Persistence.ScyllaDB.csproj", "{E9FF7433-483A-4819-86E7-E1835D2CED56}"
EndProject
Project("{9A19103F-16F7-4668-BE54-9A1E7A4F7556}") = "Genie.Adapters.Persistence.CrateDB", "..\Genie.Adapters.Persistence\Genie.Adapters.Persistence.CrateDB\Genie.Adapters.Persistence.CrateDB.csproj", "{22F244B0-8269-4D27-8BB1-9F6D229DF1E2}"
EndProject
Project("{9A19103F-16F7-4668-BE54-9A1E7A4F7556}") = "Genie.Adapters.Persistence.CockroachDB", "..\Genie.Adapters.Persistence\Genie.Adapters.Persistence.CockroachDB\Genie.Adapters.Persistence.CockroachDB.csproj", "{5E74C4F5-25FC-43AC-BE5E-21866ECB7862}"
EndProject
Project("{9A19103F-16F7-4668-BE54-9A1E7A4F7556}") = "Genie.Adapters.Persistence.Aerospike", "..\Genie.Adapters.Persistence\Genie.Adapters.Persistence.Aerospike\Genie.Adapters.Persistence.Aerospike.csproj", "{4B703958-AD58-41FC-A719-4368B8987533}"
EndProject
Project("{9A19103F-16F7-4668-BE54-9A1E7A4F7556}") = "Genie.Adapters.Persistence.ArangoDB", "..\Genie.Adapters.Persistence\Genie.Adapters.Persistence.ArangoDB\Genie.Adapters.Persistence.ArangoDB.csproj", "{193404BD-CF86-43A2-9B7F-A72F76E7A38F}"
EndProject
Project("{9A19103F-16F7-4668-BE54-9A1E7A4F7556}") = "Genie.Adapters.Persistence.Marten", "..\Genie.Adapters.Persistence\Genie.Adapters.Persistence.Marten\Genie.Adapters.Persistence.Marten.csproj", "{15671169-8D74-4EE7-B6FB-4C9BBD509D22}"
EndProject
Project("{9A19103F-16F7-4668-BE54-9A1E7A4F7556}") = "Genie.Adapters.Persistence.Neo4j", "..\Genie.Adapters.Persistence\Genie.Adapters.Persistence.Neo4j\Genie.Adapters.Persistence.Neo4j.csproj", "{1CE48816-AB6D-4DF3-9AD0-12A3BDF3823C}"
EndProject
Project("{9A19103F-16F7-4668-BE54-9A1E7A4F7556}") = "Genie.Adapters.Persistence.Elasticsearch", "..\Genie.Adapters.Persistence\Genie.Adapters.Persistence.Elasticsearch\Genie.Adapters.Persistence.Elasticsearch.csproj", "{9D164F39-DDCF-4AE4-87F9-F7D7F8E1B8B4}"
EndProject
Project("{9A19103F-16F7-4668-BE54-9A1E7A4F7556}") = "Genie.Adapters.Persistence.Redis", "..\Genie.Adapters.Persistence\Genie.Adapters.Persistence.Redis\Genie.Adapters.Persistence.Redis.csproj", "{A160F831-56EA-4E95-89D9-F3D6D4DAD468}"
EndProject
Project("{9A19103F-16F7-4668-BE54-9A1E7A4F7556}") = "Genie.Adapters.Persistence.Milvus", "..\Genie.Adapters.Persistence\Genie.Adapters.Persistence.Milvus\Genie.Adapters.Persistence.Milvus.csproj", "{D88975A3-AB72-4C4B-B087-0E6B34E97A9E}"
EndProject
Project("{9A19103F-16F7-4668-BE54-9A1E7A4F7556}") = "Genie.Adapters.Persistence.MariaDB", "..\Genie.Adapters.Persistence\Genie.Adapters.Persistence.MariaDB\Genie.Adapters.Persistence.MariaDB.csproj", "{2D1108AE-03FE-4770-AE54-CFA82D37D87B}"
EndProject
Project("{9A19103F-16F7-4668-BE54-9A1E7A4F7556}") = "Genie.Adapters.Persistence.SqlServer", "..\Genie.Adapters.Persistence\Genie.Adapters.Persistence.SqlServer\Genie.Adapters.Persistence.SqlServer.csproj", "{834C5AD1-ABCB-4580-A2A2-732020F286AD}"
EndProject
Project("{9A19103F-16F7-4668-BE54-9A1E7A4F7556}") = "Genie.Adapters.Persistence.Oracle", "..\Genie.Adapters.Persistence\Genie.Adapters.Persistence.Oracle\Genie.Adapters.Persistence.Oracle.csproj", "{D924B705-A914-4725-95C1-633409A56E2B}"
EndProject
Project("{9A19103F-16F7-4668-BE54-9A1E7A4F7556}") = "Genie.Adapters.Persistence.DB2", "..\Genie.Adapters.Persistence\Genie.Adapters.Persistence.DB2\Genie.Adapters.Persistence.DB2.csproj", "{6B1540AA-F7EB-4D34-9F1C-C90AC6109D4F}"
EndProject
Project("{9A19103F-16F7-4668-BE54-9A1E7A4F7556}") = "Genie.Adapters.Persistence.SingleStore", "..\Genie.Adapters.Persistence\Genie.Adapters.Persistence.SingleStore\Genie.Adapters.Persistence.SingleStore.csproj", "{ABD0B133-58DD-4392-979F-9A41FD153EC4}"
EndProject
Project("{9A19103F-16F7-4668-BE54-9A1E7A4F7556}") = "Genie.Adapters.Persistence.ClickHouse", "..\Genie.Adapters.Persistence\Genie.Adapters.Persistence.Clickhouse\Genie.Adapters.Persistence.ClickHouse.csproj", "{0EBC4883-E3E4-44A8-8244-5E8032AA8B1E}"
EndProject
Project("{FAE04EC0-301F-11D3-BF4B-00C04F79EFBC}") = "Genie.Adapters.Persistence.Postgres", "..\Genie.Adapters.Persistence\Genie.Adapters.Persistence.Postgres\Genie.Adapters.Persistence.Postgres.csproj", "{77368F64-B427-4831-BBC3-CF02D648900E}"
EndProject
Global
	GlobalSection(SolutionConfigurationPlatforms) = preSolution
		Debug|Any CPU = Debug|Any CPU
		Release|Any CPU = Release|Any CPU
	EndGlobalSection
	GlobalSection(ProjectConfigurationPlatforms) = postSolution
		{DD95B1B9-92E7-4F44-AAD4-B836CD4EB46A}.Debug|Any CPU.ActiveCfg = Debug|Any CPU
		{DD95B1B9-92E7-4F44-AAD4-B836CD4EB46A}.Debug|Any CPU.Build.0 = Debug|Any CPU
		{DD95B1B9-92E7-4F44-AAD4-B836CD4EB46A}.Release|Any CPU.ActiveCfg = Release|Any CPU
		{DD95B1B9-92E7-4F44-AAD4-B836CD4EB46A}.Release|Any CPU.Build.0 = Release|Any CPU
		{155F705B-979C-403E-9125-EC592505D7B1}.Debug|Any CPU.ActiveCfg = Debug|Any CPU
		{155F705B-979C-403E-9125-EC592505D7B1}.Debug|Any CPU.Build.0 = Debug|Any CPU
		{155F705B-979C-403E-9125-EC592505D7B1}.Release|Any CPU.ActiveCfg = Release|Any CPU
		{155F705B-979C-403E-9125-EC592505D7B1}.Release|Any CPU.Build.0 = Release|Any CPU
		{8E5AA57F-B43B-40B8-80BB-97823D37EA74}.Debug|Any CPU.ActiveCfg = Debug|Any CPU
		{8E5AA57F-B43B-40B8-80BB-97823D37EA74}.Debug|Any CPU.Build.0 = Debug|Any CPU
		{8E5AA57F-B43B-40B8-80BB-97823D37EA74}.Release|Any CPU.ActiveCfg = Release|Any CPU
		{8E5AA57F-B43B-40B8-80BB-97823D37EA74}.Release|Any CPU.Build.0 = Release|Any CPU
		{FBD870F2-A142-48BD-BB89-A1BF0E50A997}.Debug|Any CPU.ActiveCfg = Debug|Any CPU
		{FBD870F2-A142-48BD-BB89-A1BF0E50A997}.Debug|Any CPU.Build.0 = Debug|Any CPU
		{FBD870F2-A142-48BD-BB89-A1BF0E50A997}.Release|Any CPU.ActiveCfg = Release|Any CPU
		{FBD870F2-A142-48BD-BB89-A1BF0E50A997}.Release|Any CPU.Build.0 = Release|Any CPU
		{974B9C31-872D-437C-86EA-0B40F8A50400}.Debug|Any CPU.ActiveCfg = Debug|Any CPU
		{974B9C31-872D-437C-86EA-0B40F8A50400}.Debug|Any CPU.Build.0 = Debug|Any CPU
		{974B9C31-872D-437C-86EA-0B40F8A50400}.Release|Any CPU.ActiveCfg = Release|Any CPU
		{974B9C31-872D-437C-86EA-0B40F8A50400}.Release|Any CPU.Build.0 = Release|Any CPU
		{E896B40E-5F53-44E1-B519-4C69CA4306B6}.Debug|Any CPU.ActiveCfg = Debug|Any CPU
		{E896B40E-5F53-44E1-B519-4C69CA4306B6}.Debug|Any CPU.Build.0 = Debug|Any CPU
		{E896B40E-5F53-44E1-B519-4C69CA4306B6}.Release|Any CPU.ActiveCfg = Release|Any CPU
		{E896B40E-5F53-44E1-B519-4C69CA4306B6}.Release|Any CPU.Build.0 = Release|Any CPU
		{8627E456-22E5-42FB-A055-4FE7C80A1852}.Debug|Any CPU.ActiveCfg = Debug|Any CPU
		{8627E456-22E5-42FB-A055-4FE7C80A1852}.Debug|Any CPU.Build.0 = Debug|Any CPU
		{8627E456-22E5-42FB-A055-4FE7C80A1852}.Release|Any CPU.ActiveCfg = Release|Any CPU
		{8627E456-22E5-42FB-A055-4FE7C80A1852}.Release|Any CPU.Build.0 = Release|Any CPU
		{E2F9BBCE-A45B-4E93-86A1-F1D3EC24CFE3}.Debug|Any CPU.ActiveCfg = Debug|Any CPU
		{E2F9BBCE-A45B-4E93-86A1-F1D3EC24CFE3}.Debug|Any CPU.Build.0 = Debug|Any CPU
		{E2F9BBCE-A45B-4E93-86A1-F1D3EC24CFE3}.Release|Any CPU.ActiveCfg = Release|Any CPU
		{E2F9BBCE-A45B-4E93-86A1-F1D3EC24CFE3}.Release|Any CPU.Build.0 = Release|Any CPU
		{F3C91301-8385-4997-941A-9AC48D443417}.Debug|Any CPU.ActiveCfg = Debug|Any CPU
		{F3C91301-8385-4997-941A-9AC48D443417}.Debug|Any CPU.Build.0 = Debug|Any CPU
		{F3C91301-8385-4997-941A-9AC48D443417}.Release|Any CPU.ActiveCfg = Release|Any CPU
		{F3C91301-8385-4997-941A-9AC48D443417}.Release|Any CPU.Build.0 = Release|Any CPU
		{73072F3E-59C2-4045-8BC3-ED47543182D0}.Debug|Any CPU.ActiveCfg = Debug|Any CPU
		{73072F3E-59C2-4045-8BC3-ED47543182D0}.Debug|Any CPU.Build.0 = Debug|Any CPU
		{73072F3E-59C2-4045-8BC3-ED47543182D0}.Release|Any CPU.ActiveCfg = Release|Any CPU
		{73072F3E-59C2-4045-8BC3-ED47543182D0}.Release|Any CPU.Build.0 = Release|Any CPU
		{F9B395A5-79CD-4AC5-8140-37F7C3F0655A}.Debug|Any CPU.ActiveCfg = Debug|Any CPU
		{F9B395A5-79CD-4AC5-8140-37F7C3F0655A}.Debug|Any CPU.Build.0 = Debug|Any CPU
		{F9B395A5-79CD-4AC5-8140-37F7C3F0655A}.Release|Any CPU.ActiveCfg = Release|Any CPU
		{F9B395A5-79CD-4AC5-8140-37F7C3F0655A}.Release|Any CPU.Build.0 = Release|Any CPU
		{1C8A759C-03EA-4D64-81EA-2EB7E58097C1}.Debug|Any CPU.ActiveCfg = Debug|Any CPU
		{1C8A759C-03EA-4D64-81EA-2EB7E58097C1}.Debug|Any CPU.Build.0 = Debug|Any CPU
		{1C8A759C-03EA-4D64-81EA-2EB7E58097C1}.Release|Any CPU.ActiveCfg = Release|Any CPU
		{1C8A759C-03EA-4D64-81EA-2EB7E58097C1}.Release|Any CPU.Build.0 = Release|Any CPU
		{2BA294DD-1BC0-401B-8941-E7FE9E877F1D}.Debug|Any CPU.ActiveCfg = Debug|Any CPU
		{2BA294DD-1BC0-401B-8941-E7FE9E877F1D}.Debug|Any CPU.Build.0 = Debug|Any CPU
		{2BA294DD-1BC0-401B-8941-E7FE9E877F1D}.Release|Any CPU.ActiveCfg = Release|Any CPU
		{2BA294DD-1BC0-401B-8941-E7FE9E877F1D}.Release|Any CPU.Build.0 = Release|Any CPU
		{6DCFAACA-E797-4B6A-A20A-1BC47AC57275}.Debug|Any CPU.ActiveCfg = Debug|Any CPU
		{6DCFAACA-E797-4B6A-A20A-1BC47AC57275}.Debug|Any CPU.Build.0 = Debug|Any CPU
		{6DCFAACA-E797-4B6A-A20A-1BC47AC57275}.Release|Any CPU.ActiveCfg = Release|Any CPU
		{6DCFAACA-E797-4B6A-A20A-1BC47AC57275}.Release|Any CPU.Build.0 = Release|Any CPU
		{BF104AF5-0D28-4BBD-9F0C-84472067C4AB}.Debug|Any CPU.ActiveCfg = Debug|Any CPU
		{BF104AF5-0D28-4BBD-9F0C-84472067C4AB}.Debug|Any CPU.Build.0 = Debug|Any CPU
		{BF104AF5-0D28-4BBD-9F0C-84472067C4AB}.Release|Any CPU.ActiveCfg = Release|Any CPU
		{BF104AF5-0D28-4BBD-9F0C-84472067C4AB}.Release|Any CPU.Build.0 = Release|Any CPU
		{103D0193-2675-4F8D-9C74-62DA8F649CD4}.Debug|Any CPU.ActiveCfg = Debug|Any CPU
		{103D0193-2675-4F8D-9C74-62DA8F649CD4}.Debug|Any CPU.Build.0 = Debug|Any CPU
		{103D0193-2675-4F8D-9C74-62DA8F649CD4}.Release|Any CPU.ActiveCfg = Release|Any CPU
		{103D0193-2675-4F8D-9C74-62DA8F649CD4}.Release|Any CPU.Build.0 = Release|Any CPU
		{F0B4191A-05EF-414C-9393-890F8C6824D7}.Debug|Any CPU.ActiveCfg = Debug|Any CPU
		{F0B4191A-05EF-414C-9393-890F8C6824D7}.Debug|Any CPU.Build.0 = Debug|Any CPU
		{F0B4191A-05EF-414C-9393-890F8C6824D7}.Release|Any CPU.ActiveCfg = Release|Any CPU
		{F0B4191A-05EF-414C-9393-890F8C6824D7}.Release|Any CPU.Build.0 = Release|Any CPU
		{27F76361-5988-44B1-BAA4-7502F412C018}.Debug|Any CPU.ActiveCfg = Debug|Any CPU
		{27F76361-5988-44B1-BAA4-7502F412C018}.Debug|Any CPU.Build.0 = Debug|Any CPU
		{27F76361-5988-44B1-BAA4-7502F412C018}.Release|Any CPU.ActiveCfg = Release|Any CPU
		{27F76361-5988-44B1-BAA4-7502F412C018}.Release|Any CPU.Build.0 = Release|Any CPU
		{C67F1426-D761-4709-89DC-35ECE2F84660}.Debug|Any CPU.ActiveCfg = Debug|Any CPU
		{C67F1426-D761-4709-89DC-35ECE2F84660}.Debug|Any CPU.Build.0 = Debug|Any CPU
		{C67F1426-D761-4709-89DC-35ECE2F84660}.Release|Any CPU.ActiveCfg = Release|Any CPU
		{C67F1426-D761-4709-89DC-35ECE2F84660}.Release|Any CPU.Build.0 = Release|Any CPU
		{C07847C4-1882-42B5-83C5-32E4D8F5C6D0}.Debug|Any CPU.ActiveCfg = Debug|Any CPU
		{C07847C4-1882-42B5-83C5-32E4D8F5C6D0}.Debug|Any CPU.Build.0 = Debug|Any CPU
		{C07847C4-1882-42B5-83C5-32E4D8F5C6D0}.Release|Any CPU.ActiveCfg = Release|Any CPU
		{C07847C4-1882-42B5-83C5-32E4D8F5C6D0}.Release|Any CPU.Build.0 = Release|Any CPU
		{C38FC24A-3332-421D-B3E8-BB889FBC3C6A}.Debug|Any CPU.ActiveCfg = Debug|Any CPU
		{C38FC24A-3332-421D-B3E8-BB889FBC3C6A}.Debug|Any CPU.Build.0 = Debug|Any CPU
		{C38FC24A-3332-421D-B3E8-BB889FBC3C6A}.Release|Any CPU.ActiveCfg = Release|Any CPU
		{C38FC24A-3332-421D-B3E8-BB889FBC3C6A}.Release|Any CPU.Build.0 = Release|Any CPU
		{230DDF1F-62E5-4C9B-A222-8256DADD1652}.Debug|Any CPU.ActiveCfg = Debug|Any CPU
		{230DDF1F-62E5-4C9B-A222-8256DADD1652}.Debug|Any CPU.Build.0 = Debug|Any CPU
		{230DDF1F-62E5-4C9B-A222-8256DADD1652}.Release|Any CPU.ActiveCfg = Release|Any CPU
		{230DDF1F-62E5-4C9B-A222-8256DADD1652}.Release|Any CPU.Build.0 = Release|Any CPU
		{8C7184AE-7AE3-4804-A2B4-5C04C5E6902E}.Debug|Any CPU.ActiveCfg = Debug|Any CPU
		{8C7184AE-7AE3-4804-A2B4-5C04C5E6902E}.Debug|Any CPU.Build.0 = Debug|Any CPU
		{8C7184AE-7AE3-4804-A2B4-5C04C5E6902E}.Release|Any CPU.ActiveCfg = Release|Any CPU
		{8C7184AE-7AE3-4804-A2B4-5C04C5E6902E}.Release|Any CPU.Build.0 = Release|Any CPU
		{18CD90AA-B2D3-4F81-92CE-9E72BC32B015}.Debug|Any CPU.ActiveCfg = Debug|Any CPU
		{18CD90AA-B2D3-4F81-92CE-9E72BC32B015}.Debug|Any CPU.Build.0 = Debug|Any CPU
		{18CD90AA-B2D3-4F81-92CE-9E72BC32B015}.Release|Any CPU.ActiveCfg = Release|Any CPU
		{18CD90AA-B2D3-4F81-92CE-9E72BC32B015}.Release|Any CPU.Build.0 = Release|Any CPU
		{E9FF7433-483A-4819-86E7-E1835D2CED56}.Debug|Any CPU.ActiveCfg = Debug|Any CPU
		{E9FF7433-483A-4819-86E7-E1835D2CED56}.Debug|Any CPU.Build.0 = Debug|Any CPU
		{E9FF7433-483A-4819-86E7-E1835D2CED56}.Release|Any CPU.ActiveCfg = Release|Any CPU
		{E9FF7433-483A-4819-86E7-E1835D2CED56}.Release|Any CPU.Build.0 = Release|Any CPU
		{22F244B0-8269-4D27-8BB1-9F6D229DF1E2}.Debug|Any CPU.ActiveCfg = Debug|Any CPU
		{22F244B0-8269-4D27-8BB1-9F6D229DF1E2}.Debug|Any CPU.Build.0 = Debug|Any CPU
		{22F244B0-8269-4D27-8BB1-9F6D229DF1E2}.Release|Any CPU.ActiveCfg = Release|Any CPU
		{22F244B0-8269-4D27-8BB1-9F6D229DF1E2}.Release|Any CPU.Build.0 = Release|Any CPU
		{5E74C4F5-25FC-43AC-BE5E-21866ECB7862}.Debug|Any CPU.ActiveCfg = Debug|Any CPU
		{5E74C4F5-25FC-43AC-BE5E-21866ECB7862}.Debug|Any CPU.Build.0 = Debug|Any CPU
		{5E74C4F5-25FC-43AC-BE5E-21866ECB7862}.Release|Any CPU.ActiveCfg = Release|Any CPU
		{5E74C4F5-25FC-43AC-BE5E-21866ECB7862}.Release|Any CPU.Build.0 = Release|Any CPU
		{4B703958-AD58-41FC-A719-4368B8987533}.Debug|Any CPU.ActiveCfg = Debug|Any CPU
		{4B703958-AD58-41FC-A719-4368B8987533}.Debug|Any CPU.Build.0 = Debug|Any CPU
		{4B703958-AD58-41FC-A719-4368B8987533}.Release|Any CPU.ActiveCfg = Release|Any CPU
		{4B703958-AD58-41FC-A719-4368B8987533}.Release|Any CPU.Build.0 = Release|Any CPU
		{193404BD-CF86-43A2-9B7F-A72F76E7A38F}.Debug|Any CPU.ActiveCfg = Debug|Any CPU
		{193404BD-CF86-43A2-9B7F-A72F76E7A38F}.Debug|Any CPU.Build.0 = Debug|Any CPU
		{193404BD-CF86-43A2-9B7F-A72F76E7A38F}.Release|Any CPU.ActiveCfg = Release|Any CPU
		{193404BD-CF86-43A2-9B7F-A72F76E7A38F}.Release|Any CPU.Build.0 = Release|Any CPU
		{15671169-8D74-4EE7-B6FB-4C9BBD509D22}.Debug|Any CPU.ActiveCfg = Debug|Any CPU
		{15671169-8D74-4EE7-B6FB-4C9BBD509D22}.Debug|Any CPU.Build.0 = Debug|Any CPU
		{15671169-8D74-4EE7-B6FB-4C9BBD509D22}.Release|Any CPU.ActiveCfg = Release|Any CPU
		{15671169-8D74-4EE7-B6FB-4C9BBD509D22}.Release|Any CPU.Build.0 = Release|Any CPU
		{1CE48816-AB6D-4DF3-9AD0-12A3BDF3823C}.Debug|Any CPU.ActiveCfg = Debug|Any CPU
		{1CE48816-AB6D-4DF3-9AD0-12A3BDF3823C}.Debug|Any CPU.Build.0 = Debug|Any CPU
		{1CE48816-AB6D-4DF3-9AD0-12A3BDF3823C}.Release|Any CPU.ActiveCfg = Release|Any CPU
		{1CE48816-AB6D-4DF3-9AD0-12A3BDF3823C}.Release|Any CPU.Build.0 = Release|Any CPU
		{9D164F39-DDCF-4AE4-87F9-F7D7F8E1B8B4}.Debug|Any CPU.ActiveCfg = Debug|Any CPU
		{9D164F39-DDCF-4AE4-87F9-F7D7F8E1B8B4}.Debug|Any CPU.Build.0 = Debug|Any CPU
		{9D164F39-DDCF-4AE4-87F9-F7D7F8E1B8B4}.Release|Any CPU.ActiveCfg = Release|Any CPU
		{9D164F39-DDCF-4AE4-87F9-F7D7F8E1B8B4}.Release|Any CPU.Build.0 = Release|Any CPU
		{A160F831-56EA-4E95-89D9-F3D6D4DAD468}.Debug|Any CPU.ActiveCfg = Debug|Any CPU
		{A160F831-56EA-4E95-89D9-F3D6D4DAD468}.Debug|Any CPU.Build.0 = Debug|Any CPU
		{A160F831-56EA-4E95-89D9-F3D6D4DAD468}.Release|Any CPU.ActiveCfg = Release|Any CPU
		{A160F831-56EA-4E95-89D9-F3D6D4DAD468}.Release|Any CPU.Build.0 = Release|Any CPU
		{D88975A3-AB72-4C4B-B087-0E6B34E97A9E}.Debug|Any CPU.ActiveCfg = Debug|Any CPU
		{D88975A3-AB72-4C4B-B087-0E6B34E97A9E}.Debug|Any CPU.Build.0 = Debug|Any CPU
		{D88975A3-AB72-4C4B-B087-0E6B34E97A9E}.Release|Any CPU.ActiveCfg = Release|Any CPU
		{D88975A3-AB72-4C4B-B087-0E6B34E97A9E}.Release|Any CPU.Build.0 = Release|Any CPU
		{2D1108AE-03FE-4770-AE54-CFA82D37D87B}.Debug|Any CPU.ActiveCfg = Debug|Any CPU
		{2D1108AE-03FE-4770-AE54-CFA82D37D87B}.Debug|Any CPU.Build.0 = Debug|Any CPU
		{2D1108AE-03FE-4770-AE54-CFA82D37D87B}.Release|Any CPU.ActiveCfg = Release|Any CPU
		{2D1108AE-03FE-4770-AE54-CFA82D37D87B}.Release|Any CPU.Build.0 = Release|Any CPU
		{834C5AD1-ABCB-4580-A2A2-732020F286AD}.Debug|Any CPU.ActiveCfg = Debug|Any CPU
		{834C5AD1-ABCB-4580-A2A2-732020F286AD}.Debug|Any CPU.Build.0 = Debug|Any CPU
		{834C5AD1-ABCB-4580-A2A2-732020F286AD}.Release|Any CPU.ActiveCfg = Release|Any CPU
		{834C5AD1-ABCB-4580-A2A2-732020F286AD}.Release|Any CPU.Build.0 = Release|Any CPU
		{D924B705-A914-4725-95C1-633409A56E2B}.Debug|Any CPU.ActiveCfg = Debug|Any CPU
		{D924B705-A914-4725-95C1-633409A56E2B}.Debug|Any CPU.Build.0 = Debug|Any CPU
		{D924B705-A914-4725-95C1-633409A56E2B}.Release|Any CPU.ActiveCfg = Release|Any CPU
		{D924B705-A914-4725-95C1-633409A56E2B}.Release|Any CPU.Build.0 = Release|Any CPU
		{6B1540AA-F7EB-4D34-9F1C-C90AC6109D4F}.Debug|Any CPU.ActiveCfg = Debug|Any CPU
		{6B1540AA-F7EB-4D34-9F1C-C90AC6109D4F}.Debug|Any CPU.Build.0 = Debug|Any CPU
		{6B1540AA-F7EB-4D34-9F1C-C90AC6109D4F}.Release|Any CPU.ActiveCfg = Release|Any CPU
		{6B1540AA-F7EB-4D34-9F1C-C90AC6109D4F}.Release|Any CPU.Build.0 = Release|Any CPU
		{ABD0B133-58DD-4392-979F-9A41FD153EC4}.Debug|Any CPU.ActiveCfg = Debug|Any CPU
		{ABD0B133-58DD-4392-979F-9A41FD153EC4}.Debug|Any CPU.Build.0 = Debug|Any CPU
		{ABD0B133-58DD-4392-979F-9A41FD153EC4}.Release|Any CPU.ActiveCfg = Release|Any CPU
		{ABD0B133-58DD-4392-979F-9A41FD153EC4}.Release|Any CPU.Build.0 = Release|Any CPU
		{0EBC4883-E3E4-44A8-8244-5E8032AA8B1E}.Debug|Any CPU.ActiveCfg = Debug|Any CPU
		{0EBC4883-E3E4-44A8-8244-5E8032AA8B1E}.Debug|Any CPU.Build.0 = Debug|Any CPU
		{0EBC4883-E3E4-44A8-8244-5E8032AA8B1E}.Release|Any CPU.ActiveCfg = Release|Any CPU
		{0EBC4883-E3E4-44A8-8244-5E8032AA8B1E}.Release|Any CPU.Build.0 = Release|Any CPU
		{77368F64-B427-4831-BBC3-CF02D648900E}.Debug|Any CPU.ActiveCfg = Debug|Any CPU
		{77368F64-B427-4831-BBC3-CF02D648900E}.Debug|Any CPU.Build.0 = Debug|Any CPU
		{77368F64-B427-4831-BBC3-CF02D648900E}.Release|Any CPU.ActiveCfg = Release|Any CPU
		{77368F64-B427-4831-BBC3-CF02D648900E}.Release|Any CPU.Build.0 = Release|Any CPU
	EndGlobalSection
	GlobalSection(SolutionProperties) = preSolution
		HideSolutionNode = FALSE
	EndGlobalSection
	GlobalSection(NestedProjects) = preSolution
		{729FA1B2-130A-400B-ACA9-5282680C1989} = {6BE6890F-D8A6-49D6-9D18-F82D88EB0953}
		{2DA4BF80-6AD9-4214-A568-E63CF8BAD745} = {6BE6890F-D8A6-49D6-9D18-F82D88EB0953}
		{0B9BA3B0-805D-40FE-BD71-DA3EA9870ED5} = {2DA4BF80-6AD9-4214-A568-E63CF8BAD745}
		{BEB6C52B-344C-4410-B2D6-8FD1F622F14D} = {2DA4BF80-6AD9-4214-A568-E63CF8BAD745}
		{DDEC9E89-87D3-4AD3-8606-E375C956E89E} = {BEB6C52B-344C-4410-B2D6-8FD1F622F14D}
		{BE50BBEF-A370-4086-85A0-C3A2FEC21F29} = {0B9BA3B0-805D-40FE-BD71-DA3EA9870ED5}
		{9CA98DC8-871C-4A0B-943E-34049F3D36AB} = {0B9BA3B0-805D-40FE-BD71-DA3EA9870ED5}
		{AEAE982E-C5E5-43F4-AFFD-3694D008DF46} = {BEB6C52B-344C-4410-B2D6-8FD1F622F14D}
		{A20E66C9-8436-4484-BB0A-4BFDBE098F34} = {BEB6C52B-344C-4410-B2D6-8FD1F622F14D}
		{60AEF05E-5646-487F-B24A-51525E62913B} = {BEB6C52B-344C-4410-B2D6-8FD1F622F14D}
		{90FB84C3-8F67-4DCD-AE0D-BE4313234BE5} = {0B9BA3B0-805D-40FE-BD71-DA3EA9870ED5}
		{F802A7A2-D1F6-4A2C-BD5F-FCE2E137DF9F} = {0B9BA3B0-805D-40FE-BD71-DA3EA9870ED5}
		{3B124940-E98A-4B51-AFF2-B44DECD1A087} = {BE50BBEF-A370-4086-85A0-C3A2FEC21F29}
		{062C4C6E-CAB6-4D8B-A4A9-094602D4173E} = {DDEC9E89-87D3-4AD3-8606-E375C956E89E}
		{1C8A759C-03EA-4D64-81EA-2EB7E58097C1} = {B7E25710-E0A1-4F1D-8B94-C0968125496B}
		{2BA294DD-1BC0-401B-8941-E7FE9E877F1D} = {B7E25710-E0A1-4F1D-8B94-C0968125496B}
		{6DCFAACA-E797-4B6A-A20A-1BC47AC57275} = {B7E25710-E0A1-4F1D-8B94-C0968125496B}
		{BF104AF5-0D28-4BBD-9F0C-84472067C4AB} = {B7E25710-E0A1-4F1D-8B94-C0968125496B}
		{103D0193-2675-4F8D-9C74-62DA8F649CD4} = {B7E25710-E0A1-4F1D-8B94-C0968125496B}
		{F0B4191A-05EF-414C-9393-890F8C6824D7} = {B7E25710-E0A1-4F1D-8B94-C0968125496B}
		{27F76361-5988-44B1-BAA4-7502F412C018} = {B7E25710-E0A1-4F1D-8B94-C0968125496B}
		{C67F1426-D761-4709-89DC-35ECE2F84660} = {B7E25710-E0A1-4F1D-8B94-C0968125496B}
		{C07847C4-1882-42B5-83C5-32E4D8F5C6D0} = {305D42BB-1422-46BC-BD08-CD647F77AA5B}
		{C38FC24A-3332-421D-B3E8-BB889FBC3C6A} = {305D42BB-1422-46BC-BD08-CD647F77AA5B}
		{230DDF1F-62E5-4C9B-A222-8256DADD1652} = {305D42BB-1422-46BC-BD08-CD647F77AA5B}
		{8C7184AE-7AE3-4804-A2B4-5C04C5E6902E} = {305D42BB-1422-46BC-BD08-CD647F77AA5B}
		{18CD90AA-B2D3-4F81-92CE-9E72BC32B015} = {305D42BB-1422-46BC-BD08-CD647F77AA5B}
		{E9FF7433-483A-4819-86E7-E1835D2CED56} = {305D42BB-1422-46BC-BD08-CD647F77AA5B}
		{22F244B0-8269-4D27-8BB1-9F6D229DF1E2} = {305D42BB-1422-46BC-BD08-CD647F77AA5B}
		{5E74C4F5-25FC-43AC-BE5E-21866ECB7862} = {305D42BB-1422-46BC-BD08-CD647F77AA5B}
		{4B703958-AD58-41FC-A719-4368B8987533} = {305D42BB-1422-46BC-BD08-CD647F77AA5B}
		{193404BD-CF86-43A2-9B7F-A72F76E7A38F} = {305D42BB-1422-46BC-BD08-CD647F77AA5B}
		{15671169-8D74-4EE7-B6FB-4C9BBD509D22} = {305D42BB-1422-46BC-BD08-CD647F77AA5B}
		{1CE48816-AB6D-4DF3-9AD0-12A3BDF3823C} = {305D42BB-1422-46BC-BD08-CD647F77AA5B}
		{9D164F39-DDCF-4AE4-87F9-F7D7F8E1B8B4} = {305D42BB-1422-46BC-BD08-CD647F77AA5B}
		{A160F831-56EA-4E95-89D9-F3D6D4DAD468} = {305D42BB-1422-46BC-BD08-CD647F77AA5B}
		{D88975A3-AB72-4C4B-B087-0E6B34E97A9E} = {305D42BB-1422-46BC-BD08-CD647F77AA5B}
		{2D1108AE-03FE-4770-AE54-CFA82D37D87B} = {305D42BB-1422-46BC-BD08-CD647F77AA5B}
		{834C5AD1-ABCB-4580-A2A2-732020F286AD} = {305D42BB-1422-46BC-BD08-CD647F77AA5B}
		{D924B705-A914-4725-95C1-633409A56E2B} = {305D42BB-1422-46BC-BD08-CD647F77AA5B}
		{6B1540AA-F7EB-4D34-9F1C-C90AC6109D4F} = {305D42BB-1422-46BC-BD08-CD647F77AA5B}
		{ABD0B133-58DD-4392-979F-9A41FD153EC4} = {305D42BB-1422-46BC-BD08-CD647F77AA5B}
		{0EBC4883-E3E4-44A8-8244-5E8032AA8B1E} = {305D42BB-1422-46BC-BD08-CD647F77AA5B}
		{77368F64-B427-4831-BBC3-CF02D648900E} = {305D42BB-1422-46BC-BD08-CD647F77AA5B}
	EndGlobalSection
	GlobalSection(ExtensibilityGlobals) = postSolution
		SolutionGuid = {E145E9C1-1C32-4C32-B9E5-527B3264C841}
	EndGlobalSection
EndGlobal
