
Microsoft Visual Studio Solution File, Format Version 12.00
# Visual Studio Version 17
VisualStudioVersion = 17.10.35027.167
MinimumVisualStudioVersion = 10.0.40219.1
Project("{9A19103F-16F7-4668-BE54-9A1E7A4F7556}") = "Genie.Web.Api", "Genie.Web.Api.csproj", "{DD95B1B9-92E7-4F44-AAD4-B836CD4EB46A}"
EndProject
Project("{9A19103F-16F7-4668-BE54-9A1E7A4F7556}") = "Genie.Common", "..\Genie.Common\Genie.Common.csproj", "{155F705B-979C-403E-9125-EC592505D7B1}"
EndProject
Project("{9A19103F-16F7-4668-BE54-9A1E7A4F7556}") = "Genie.Actors", "..\Genie.Actors\Genie.Actors.csproj", "{8E5AA57F-B43B-40B8-80BB-97823D37EA74}"
EndProject
Project("{2150E333-8FDC-42A3-9474-1A3956D46DE8}") = "SharedFiles", "SharedFiles", "{6BE6890F-D8A6-49D6-9D18-F82D88EB0953}"
	ProjectSection(SolutionItems) = preProject
		..\SharedFiles\appsettings.Development.json = ..\SharedFiles\appsettings.Development.json
		..\SharedFiles\appsettings.json = ..\SharedFiles\appsettings.json
		..\SharedFiles\appsettings.UnitTest.json = ..\SharedFiles\appsettings.UnitTest.json
		..\SharedFiles\geocast.png = ..\SharedFiles\geocast.png
		..\SharedFiles\luxePod.pfx = ..\SharedFiles\luxePod.pfx
	EndProjectSection
EndProject
Project("{9A19103F-16F7-4668-BE54-9A1E7A4F7556}") = "Genie.Scratch", "..\Genie.Scratch\Genie.Scratch.csproj", "{FBD870F2-A142-48BD-BB89-A1BF0E50A997}"
EndProject
Project("{9A19103F-16F7-4668-BE54-9A1E7A4F7556}") = "Genie.Benchmarks", "..\Genie.Benchmarks\Genie.Benchmarks.csproj", "{974B9C31-872D-437C-86EA-0B40F8A50400}"
EndProject
Project("{9A19103F-16F7-4668-BE54-9A1E7A4F7556}") = "Genie.IngressConsumer", "..\Genie.IngressConsumer\Genie.IngressConsumer.csproj", "{E896B40E-5F53-44E1-B519-4C69CA4306B6}"
EndProject
Project("{9A19103F-16F7-4668-BE54-9A1E7A4F7556}") = "Genie.Extensions.Genius", "..\Genie.Extensions.Genius\Genie.Extensions.Genius.csproj", "{8627E456-22E5-42FB-A055-4FE7C80A1852}"
EndProject
Project("{9A19103F-16F7-4668-BE54-9A1E7A4F7556}") = "GameLicenseExample", "..\GameLicenseExample\GameLicenseExample.csproj", "{E2F9BBCE-A45B-4E93-86A1-F1D3EC24CFE3}"
EndProject
Project("{2150E333-8FDC-42A3-9474-1A3956D46DE8}") = "Protos", "Protos", "{729FA1B2-130A-400B-ACA9-5282680C1989}"
	ProjectSection(SolutionItems) = preProject
		..\SharedFiles\Protos\changefeed.proto = ..\SharedFiles\Protos\changefeed.proto
		..\SharedFiles\Protos\event.proto = ..\SharedFiles\Protos\event.proto
		..\SharedFiles\Protos\genius.proto = ..\SharedFiles\Protos\genius.proto
		..\SharedFiles\Protos\shared.proto = ..\SharedFiles\Protos\shared.proto
	EndProjectSection
EndProject
Project("{2150E333-8FDC-42A3-9474-1A3956D46DE8}") = "Brokers", "Brokers", "{57ECE640-748C-46BB-B75E-85BFD1BACC02}"
EndProject
Project("{9A19103F-16F7-4668-BE54-9A1E7A4F7556}") = "Genie.Adapters.Brokers.ActiveMQ", "..\Genie.Adapters.Brokers\Genie.Adapters.Brokers.ActiveMQ\Genie.Adapters.Brokers.ActiveMQ.csproj", "{846FF41B-A4D3-43C9-A820-FA081941F222}"
EndProject
Project("{9A19103F-16F7-4668-BE54-9A1E7A4F7556}") = "Genie.Adapters.Brokers.Aeron", "..\Genie.Adapters.Brokers\Genie.Adapters.Brokers.Aeron\Genie.Adapters.Brokers.Aeron.csproj", "{34FCFF7B-908E-4066-9459-3FDE44834449}"
EndProject
Project("{9A19103F-16F7-4668-BE54-9A1E7A4F7556}") = "Genie.Adapters.Brokers.Kafka", "..\Genie.Adapters.Brokers\Genie.Adapters.Brokers.Kafka\Genie.Adapters.Brokers.Kafka.csproj", "{80CF27EA-9A3F-44CF-8BA2-E27056AA99F2}"
EndProject
Project("{9A19103F-16F7-4668-BE54-9A1E7A4F7556}") = "Genie.Adapters.Brokers.MQTT", "..\Genie.Adapters.Brokers\Genie.Adapters.Brokers.MQTT\Genie.Adapters.Brokers.MQTT.csproj", "{D7089331-D942-4345-8CBA-2E5494D20500}"
EndProject
Project("{9A19103F-16F7-4668-BE54-9A1E7A4F7556}") = "Genie.Adapters.Brokers.NATS", "..\Genie.Adapters.Brokers\Genie.Adapters.Brokers.NATS\Genie.Adapters.Brokers.NATS.csproj", "{7BE15089-956D-4D72-88E4-F65969AB68AF}"
EndProject
Project("{9A19103F-16F7-4668-BE54-9A1E7A4F7556}") = "Genie.Adapters.Brokers.Pulsar", "..\Genie.Adapters.Brokers\Genie.Adapters.Brokers.Pulsar\Genie.Adapters.Brokers.Pulsar.csproj", "{2DD29B56-AD57-436B-A5E1-97F02FF50EC6}"
EndProject
Project("{9A19103F-16F7-4668-BE54-9A1E7A4F7556}") = "Genie.Adapters.Brokers.RabbitMQ", "..\Genie.Adapters.Brokers\Genie.Adapters.Brokers.RabbitMQ\Genie.Adapters.Brokers.RabbitMQ.csproj", "{07390BB0-2CB5-44B3-8B69-D9C14843706F}"
EndProject
Project("{9A19103F-16F7-4668-BE54-9A1E7A4F7556}") = "Genie.Adapters.Brokers.ZeroMQ", "..\Genie.Adapters.Brokers\Genie.Adapters.Brokers.ZeroMQ\Genie.Adapters.Brokers.ZeroMQ.csproj", "{507B4AB4-2F92-42D4-A253-57EDD43ADF81}"
EndProject
Project("{9A19103F-16F7-4668-BE54-9A1E7A4F7556}") = "Genie.Core", "..\Genie.Core\Genie.Core.csproj", "{43012992-52D7-4F97-8D08-33DCADEC27DC}"
EndProject
Project("{2150E333-8FDC-42A3-9474-1A3956D46DE8}") = "Persistence", "Persistence", "{6060708F-55E1-4C6B-918C-12A3C7E2E121}"
EndProject
Project("{2150E333-8FDC-42A3-9474-1A3956D46DE8}") = "Serializers", "Serializers", "{0687BBE3-508A-4401-9FEC-A832AC3D9F02}"
EndProject
Project("{9A19103F-16F7-4668-BE54-9A1E7A4F7556}") = "Genie.Adapters.Serializers.Avro", "..\Genie.Adapters.Serializers\Genie.Adapters.Serializers.Avro\Genie.Adapters.Serializers.Avro.csproj", "{684C0DED-D458-4431-A10D-1F45EDDDFB9A}"
EndProject
Project("{9A19103F-16F7-4668-BE54-9A1E7A4F7556}") = "Genie.Adapters.Persistence.Aerospike", "..\Genie.Adapters.Persistencce\Genie.Adapters.Persistence.Aerospike\Genie.Adapters.Persistence.Aerospike.csproj", "{C527F33B-B23F-402A-9C80-3379FE9A76AC}"
EndProject
Project("{9A19103F-16F7-4668-BE54-9A1E7A4F7556}") = "Genie.Adapters.Persistence.ArangoDB", "..\Genie.Adapters.Persistencce\Genie.Adapters.Persistence.ArangoDB\Genie.Adapters.Persistence.ArangoDB.csproj", "{DF2B9D2E-A9A7-4D9A-8336-C3D6F0AEF0CC}"
EndProject
Project("{9A19103F-16F7-4668-BE54-9A1E7A4F7556}") = "Genie.Adapters.Persistence.Couch", "..\Genie.Adapters.Persistencce\Genie.Adapters.Persistencce.CouchDB\Genie.Adapters.Persistence.Couch.csproj", "{242D0F44-2123-4812-B99C-CC6E5F9FE690}"
EndProject
Project("{9A19103F-16F7-4668-BE54-9A1E7A4F7556}") = "Genie.Adapters.Persistence.Cassandra", "..\Genie.Adapters.Persistencce\Genie.Adapters.Persistence.Cassandra\Genie.Adapters.Persistence.Cassandra.csproj", "{F7AA8047-8930-412E-B8B0-B85C559E5602}"
EndProject
Project("{9A19103F-16F7-4668-BE54-9A1E7A4F7556}") = "Genie.Adapters.Persistence.ClickHouse", "..\Genie.Adapters.Persistencce\Genie.Adapters.Persistence.Clickhouse\Genie.Adapters.Persistence.ClickHouse.csproj", "{94170C97-517F-484E-9374-0D16B7586659}"
EndProject
Project("{9A19103F-16F7-4668-BE54-9A1E7A4F7556}") = "Genie.Adapters.Persistence.CockroachDB", "..\Genie.Adapters.Persistencce\Genie.Adapters.Persistence.CockroachDB\Genie.Adapters.Persistence.CockroachDB.csproj", "{C6B15C94-1DB2-45D2-9A6A-7FE4E0B9B16C}"
EndProject
Project("{9A19103F-16F7-4668-BE54-9A1E7A4F7556}") = "Genie.Adapters.Persistence.Postgres", "..\Genie.Adapters.Persistencce\Genie.Adapters.Persistence.Postgres\Genie.Adapters.Persistence.Postgres.csproj", "{3FE377CB-8DFA-4418-A9DE-BDC875F94B5D}"
EndProject
Project("{9A19103F-16F7-4668-BE54-9A1E7A4F7556}") = "Genie.Adapters.Persistence.CrateDB", "..\Genie.Adapters.Persistencce\Genie.Adapters.Persistence.CrateDB\Genie.Adapters.Persistence.CrateDB.csproj", "{2FA39699-7A68-4B57-A9C9-07D4E6D14B51}"
EndProject
Project("{9A19103F-16F7-4668-BE54-9A1E7A4F7556}") = "Genie.Adapters.Persistence.DB2", "..\Genie.Adapters.Persistencce\Genie.Adapters.Persistence.DB2\Genie.Adapters.Persistence.DB2.csproj", "{5E6C7B83-7449-413D-B1E5-5564173F15A7}"
EndProject
Project("{9A19103F-16F7-4668-BE54-9A1E7A4F7556}") = "Genie.Adapters.Persistence.Elasticsearch", "..\Genie.Adapters.Persistencce\Genie.Adapters.Persistence.Elasticsearch\Genie.Adapters.Persistence.Elasticsearch.csproj", "{D2E25DDF-8891-4246-A36E-5268C78B25A9}"
EndProject
Project("{9A19103F-16F7-4668-BE54-9A1E7A4F7556}") = "Genie.Adapters.Persistence.MariaDB", "..\Genie.Adapters.Persistencce\Genie.Adapters.Persistence.MariaDB\Genie.Adapters.Persistence.MariaDB.csproj", "{FF4F8D29-3ED7-4B4A-886F-A8217353438A}"
EndProject
Project("{9A19103F-16F7-4668-BE54-9A1E7A4F7556}") = "Genie.Adapters.Persistence.Marten", "..\Genie.Adapters.Persistencce\Genie.Adapters.Persistence.Marten\Genie.Adapters.Persistence.Marten.csproj", "{BCB6E576-38B2-4375-9FB1-6F4CDF03C811}"
EndProject
Project("{9A19103F-16F7-4668-BE54-9A1E7A4F7556}") = "Genie.Adapters.Persistence.Milvus", "..\Genie.Adapters.Persistencce\Genie.Adapters.Persistence.Milvus\Genie.Adapters.Persistence.Milvus.csproj", "{3A6868B0-77C8-4E01-B079-AEBF1BF5F711}"
EndProject
Project("{9A19103F-16F7-4668-BE54-9A1E7A4F7556}") = "Genie.Adapters.Persistence.MongoDB", "..\Genie.Adapters.Persistencce\Genie.Adapters.Persistence.MongoDB\Genie.Adapters.Persistence.MongoDB.csproj", "{77213CF0-715D-4A7A-9BF9-EA425FAA7978}"
EndProject
Project("{9A19103F-16F7-4668-BE54-9A1E7A4F7556}") = "Genie.Adapters.Persistence.Neo4j", "..\Genie.Adapters.Persistencce\Genie.Adapters.Persistence.Neo4j\Genie.Adapters.Persistence.Neo4j.csproj", "{92502737-5398-464C-B316-13A948306BA2}"
EndProject
Project("{9A19103F-16F7-4668-BE54-9A1E7A4F7556}") = "Genie.Adapters.Persistence.Oracle", "..\Genie.Adapters.Persistencce\Genie.Adapters.Persistence.Oracle\Genie.Adapters.Persistence.Oracle.csproj", "{1E9CDB73-0091-466D-9880-CD70603868C6}"
EndProject
Project("{9A19103F-16F7-4668-BE54-9A1E7A4F7556}") = "Genie.Adapters.Persistence.Redis", "..\Genie.Adapters.Persistencce\Genie.Adapters.Persistence.Redis\Genie.Adapters.Persistence.Redis.csproj", "{4C14A197-2A1E-409E-99F7-A8C19E5E3527}"
EndProject
Project("{9A19103F-16F7-4668-BE54-9A1E7A4F7556}") = "Genie.Adapters.Persistence.ScyllaDB", "..\Genie.Adapters.Persistencce\Genie.Adapters.Persistence.ScyllaDB\Genie.Adapters.Persistence.ScyllaDB.csproj", "{0B16DEA5-508B-4D78-A2B3-271907EA9A09}"
EndProject
Project("{9A19103F-16F7-4668-BE54-9A1E7A4F7556}") = "Genie.Adapters.Persistence.SqlServer", "..\Genie.Adapters.Persistencce\Genie.Adapters.Persistence.SqlServer\Genie.Adapters.Persistence.SqlServer.csproj", "{475A2BE3-7A3E-4C1C-9AD2-EAF05A53A1D2}"
EndProject
Project("{9A19103F-16F7-4668-BE54-9A1E7A4F7556}") = "Genie.Adapters.Persistence.SingleStore", "..\Genie.Adapters.Persistencce\Genie.Adapters.Persistence.SingleStore\Genie.Adapters.Persistence.SingleStore.csproj", "{8B61FC0D-703D-485D-A287-E5228A8489C0}"
EndProject
Project("{9A19103F-16F7-4668-BE54-9A1E7A4F7556}") = "Genie.Adapters.Persistence.RavenDB", "..\Genie.Adapters.Persistencce\Genie.Adapters.Persistence.RavenDB\Genie.Adapters.Persistence.RavenDB.csproj", "{957C9851-AB1A-44ED-8A0B-73B7426D3039}"
EndProject
Project("{9A19103F-16F7-4668-BE54-9A1E7A4F7556}") = "Genie.Common.Crypto", "..\Genie.Common.Adapters.Crypto\Genie.Common.Crypto.csproj", "{4EB6B820-E47C-44D6-BE9C-122FD072030E}"
EndProject
Project("{9A19103F-16F7-4668-BE54-9A1E7A4F7556}") = "Genie.Common.Crypto.Nist", "..\Genie.Common.Crypto.Nist\Genie.Common.Crypto.Nist.csproj", "{EF9140C6-DD72-4840-9B31-047BEA22BD29}"
EndProject
Project("{9A19103F-16F7-4668-BE54-9A1E7A4F7556}") = "Genie.Adapters.Persistence.Couchbase", "..\Genie.Adapters.Persistencce\Genie.Adapters.Persistence.Couchbase\Genie.Adapters.Persistence.Couchbase.csproj", "{D6E9A91F-AC50-490A-893F-778A3A5A92CB}"
EndProject
Global
	GlobalSection(SolutionConfigurationPlatforms) = preSolution
		Debug|Any CPU = Debug|Any CPU
		Release|Any CPU = Release|Any CPU
	EndGlobalSection
	GlobalSection(ProjectConfigurationPlatforms) = postSolution
		{DD95B1B9-92E7-4F44-AAD4-B836CD4EB46A}.Debug|Any CPU.ActiveCfg = Debug|Any CPU
		{DD95B1B9-92E7-4F44-AAD4-B836CD4EB46A}.Debug|Any CPU.Build.0 = Debug|Any CPU
		{DD95B1B9-92E7-4F44-AAD4-B836CD4EB46A}.Release|Any CPU.ActiveCfg = Release|Any CPU
		{DD95B1B9-92E7-4F44-AAD4-B836CD4EB46A}.Release|Any CPU.Build.0 = Release|Any CPU
		{155F705B-979C-403E-9125-EC592505D7B1}.Debug|Any CPU.ActiveCfg = Debug|Any CPU
		{155F705B-979C-403E-9125-EC592505D7B1}.Debug|Any CPU.Build.0 = Debug|Any CPU
		{155F705B-979C-403E-9125-EC592505D7B1}.Release|Any CPU.ActiveCfg = Release|Any CPU
		{155F705B-979C-403E-9125-EC592505D7B1}.Release|Any CPU.Build.0 = Release|Any CPU
		{8E5AA57F-B43B-40B8-80BB-97823D37EA74}.Debug|Any CPU.ActiveCfg = Debug|Any CPU
		{8E5AA57F-B43B-40B8-80BB-97823D37EA74}.Debug|Any CPU.Build.0 = Debug|Any CPU
		{8E5AA57F-B43B-40B8-80BB-97823D37EA74}.Release|Any CPU.ActiveCfg = Release|Any CPU
		{8E5AA57F-B43B-40B8-80BB-97823D37EA74}.Release|Any CPU.Build.0 = Release|Any CPU
		{FBD870F2-A142-48BD-BB89-A1BF0E50A997}.Debug|Any CPU.ActiveCfg = Debug|Any CPU
		{FBD870F2-A142-48BD-BB89-A1BF0E50A997}.Debug|Any CPU.Build.0 = Debug|Any CPU
		{FBD870F2-A142-48BD-BB89-A1BF0E50A997}.Release|Any CPU.ActiveCfg = Release|Any CPU
		{FBD870F2-A142-48BD-BB89-A1BF0E50A997}.Release|Any CPU.Build.0 = Release|Any CPU
		{974B9C31-872D-437C-86EA-0B40F8A50400}.Debug|Any CPU.ActiveCfg = Debug|Any CPU
		{974B9C31-872D-437C-86EA-0B40F8A50400}.Debug|Any CPU.Build.0 = Debug|Any CPU
		{974B9C31-872D-437C-86EA-0B40F8A50400}.Release|Any CPU.ActiveCfg = Release|Any CPU
		{974B9C31-872D-437C-86EA-0B40F8A50400}.Release|Any CPU.Build.0 = Release|Any CPU
		{E896B40E-5F53-44E1-B519-4C69CA4306B6}.Debug|Any CPU.ActiveCfg = Debug|Any CPU
		{E896B40E-5F53-44E1-B519-4C69CA4306B6}.Debug|Any CPU.Build.0 = Debug|Any CPU
		{E896B40E-5F53-44E1-B519-4C69CA4306B6}.Release|Any CPU.ActiveCfg = Release|Any CPU
		{E896B40E-5F53-44E1-B519-4C69CA4306B6}.Release|Any CPU.Build.0 = Release|Any CPU
		{8627E456-22E5-42FB-A055-4FE7C80A1852}.Debug|Any CPU.ActiveCfg = Debug|Any CPU
		{8627E456-22E5-42FB-A055-4FE7C80A1852}.Debug|Any CPU.Build.0 = Debug|Any CPU
		{8627E456-22E5-42FB-A055-4FE7C80A1852}.Release|Any CPU.ActiveCfg = Release|Any CPU
		{8627E456-22E5-42FB-A055-4FE7C80A1852}.Release|Any CPU.Build.0 = Release|Any CPU
		{E2F9BBCE-A45B-4E93-86A1-F1D3EC24CFE3}.Debug|Any CPU.ActiveCfg = Debug|Any CPU
		{E2F9BBCE-A45B-4E93-86A1-F1D3EC24CFE3}.Debug|Any CPU.Build.0 = Debug|Any CPU
		{E2F9BBCE-A45B-4E93-86A1-F1D3EC24CFE3}.Release|Any CPU.ActiveCfg = Release|Any CPU
		{E2F9BBCE-A45B-4E93-86A1-F1D3EC24CFE3}.Release|Any CPU.Build.0 = Release|Any CPU
		{846FF41B-A4D3-43C9-A820-FA081941F222}.Debug|Any CPU.ActiveCfg = Debug|Any CPU
		{846FF41B-A4D3-43C9-A820-FA081941F222}.Debug|Any CPU.Build.0 = Debug|Any CPU
		{846FF41B-A4D3-43C9-A820-FA081941F222}.Release|Any CPU.ActiveCfg = Release|Any CPU
		{846FF41B-A4D3-43C9-A820-FA081941F222}.Release|Any CPU.Build.0 = Release|Any CPU
		{34FCFF7B-908E-4066-9459-3FDE44834449}.Debug|Any CPU.ActiveCfg = Debug|Any CPU
		{34FCFF7B-908E-4066-9459-3FDE44834449}.Debug|Any CPU.Build.0 = Debug|Any CPU
		{34FCFF7B-908E-4066-9459-3FDE44834449}.Release|Any CPU.ActiveCfg = Release|Any CPU
		{34FCFF7B-908E-4066-9459-3FDE44834449}.Release|Any CPU.Build.0 = Release|Any CPU
		{80CF27EA-9A3F-44CF-8BA2-E27056AA99F2}.Debug|Any CPU.ActiveCfg = Debug|Any CPU
		{80CF27EA-9A3F-44CF-8BA2-E27056AA99F2}.Debug|Any CPU.Build.0 = Debug|Any CPU
		{80CF27EA-9A3F-44CF-8BA2-E27056AA99F2}.Release|Any CPU.ActiveCfg = Release|Any CPU
		{80CF27EA-9A3F-44CF-8BA2-E27056AA99F2}.Release|Any CPU.Build.0 = Release|Any CPU
		{D7089331-D942-4345-8CBA-2E5494D20500}.Debug|Any CPU.ActiveCfg = Debug|Any CPU
		{D7089331-D942-4345-8CBA-2E5494D20500}.Debug|Any CPU.Build.0 = Debug|Any CPU
		{D7089331-D942-4345-8CBA-2E5494D20500}.Release|Any CPU.ActiveCfg = Release|Any CPU
		{D7089331-D942-4345-8CBA-2E5494D20500}.Release|Any CPU.Build.0 = Release|Any CPU
		{7BE15089-956D-4D72-88E4-F65969AB68AF}.Debug|Any CPU.ActiveCfg = Debug|Any CPU
		{7BE15089-956D-4D72-88E4-F65969AB68AF}.Debug|Any CPU.Build.0 = Debug|Any CPU
		{7BE15089-956D-4D72-88E4-F65969AB68AF}.Release|Any CPU.ActiveCfg = Release|Any CPU
		{7BE15089-956D-4D72-88E4-F65969AB68AF}.Release|Any CPU.Build.0 = Release|Any CPU
		{2DD29B56-AD57-436B-A5E1-97F02FF50EC6}.Debug|Any CPU.ActiveCfg = Debug|Any CPU
		{2DD29B56-AD57-436B-A5E1-97F02FF50EC6}.Debug|Any CPU.Build.0 = Debug|Any CPU
		{2DD29B56-AD57-436B-A5E1-97F02FF50EC6}.Release|Any CPU.ActiveCfg = Release|Any CPU
		{2DD29B56-AD57-436B-A5E1-97F02FF50EC6}.Release|Any CPU.Build.0 = Release|Any CPU
		{07390BB0-2CB5-44B3-8B69-D9C14843706F}.Debug|Any CPU.ActiveCfg = Debug|Any CPU
		{07390BB0-2CB5-44B3-8B69-D9C14843706F}.Debug|Any CPU.Build.0 = Debug|Any CPU
		{07390BB0-2CB5-44B3-8B69-D9C14843706F}.Release|Any CPU.ActiveCfg = Release|Any CPU
		{07390BB0-2CB5-44B3-8B69-D9C14843706F}.Release|Any CPU.Build.0 = Release|Any CPU
		{507B4AB4-2F92-42D4-A253-57EDD43ADF81}.Debug|Any CPU.ActiveCfg = Debug|Any CPU
		{507B4AB4-2F92-42D4-A253-57EDD43ADF81}.Debug|Any CPU.Build.0 = Debug|Any CPU
		{507B4AB4-2F92-42D4-A253-57EDD43ADF81}.Release|Any CPU.ActiveCfg = Release|Any CPU
		{507B4AB4-2F92-42D4-A253-57EDD43ADF81}.Release|Any CPU.Build.0 = Release|Any CPU
		{43012992-52D7-4F97-8D08-33DCADEC27DC}.Debug|Any CPU.ActiveCfg = Debug|Any CPU
		{43012992-52D7-4F97-8D08-33DCADEC27DC}.Debug|Any CPU.Build.0 = Debug|Any CPU
		{43012992-52D7-4F97-8D08-33DCADEC27DC}.Release|Any CPU.ActiveCfg = Release|Any CPU
		{43012992-52D7-4F97-8D08-33DCADEC27DC}.Release|Any CPU.Build.0 = Release|Any CPU
		{684C0DED-D458-4431-A10D-1F45EDDDFB9A}.Debug|Any CPU.ActiveCfg = Debug|Any CPU
		{684C0DED-D458-4431-A10D-1F45EDDDFB9A}.Debug|Any CPU.Build.0 = Debug|Any CPU
		{684C0DED-D458-4431-A10D-1F45EDDDFB9A}.Release|Any CPU.ActiveCfg = Release|Any CPU
		{684C0DED-D458-4431-A10D-1F45EDDDFB9A}.Release|Any CPU.Build.0 = Release|Any CPU
		{C527F33B-B23F-402A-9C80-3379FE9A76AC}.Debug|Any CPU.ActiveCfg = Debug|Any CPU
		{C527F33B-B23F-402A-9C80-3379FE9A76AC}.Debug|Any CPU.Build.0 = Debug|Any CPU
		{C527F33B-B23F-402A-9C80-3379FE9A76AC}.Release|Any CPU.ActiveCfg = Release|Any CPU
		{C527F33B-B23F-402A-9C80-3379FE9A76AC}.Release|Any CPU.Build.0 = Release|Any CPU
		{DF2B9D2E-A9A7-4D9A-8336-C3D6F0AEF0CC}.Debug|Any CPU.ActiveCfg = Debug|Any CPU
		{DF2B9D2E-A9A7-4D9A-8336-C3D6F0AEF0CC}.Debug|Any CPU.Build.0 = Debug|Any CPU
		{DF2B9D2E-A9A7-4D9A-8336-C3D6F0AEF0CC}.Release|Any CPU.ActiveCfg = Release|Any CPU
		{DF2B9D2E-A9A7-4D9A-8336-C3D6F0AEF0CC}.Release|Any CPU.Build.0 = Release|Any CPU
		{242D0F44-2123-4812-B99C-CC6E5F9FE690}.Debug|Any CPU.ActiveCfg = Debug|Any CPU
		{242D0F44-2123-4812-B99C-CC6E5F9FE690}.Debug|Any CPU.Build.0 = Debug|Any CPU
		{242D0F44-2123-4812-B99C-CC6E5F9FE690}.Release|Any CPU.ActiveCfg = Release|Any CPU
		{242D0F44-2123-4812-B99C-CC6E5F9FE690}.Release|Any CPU.Build.0 = Release|Any CPU
		{F7AA8047-8930-412E-B8B0-B85C559E5602}.Debug|Any CPU.ActiveCfg = Debug|Any CPU
		{F7AA8047-8930-412E-B8B0-B85C559E5602}.Debug|Any CPU.Build.0 = Debug|Any CPU
		{F7AA8047-8930-412E-B8B0-B85C559E5602}.Release|Any CPU.ActiveCfg = Release|Any CPU
		{F7AA8047-8930-412E-B8B0-B85C559E5602}.Release|Any CPU.Build.0 = Release|Any CPU
		{94170C97-517F-484E-9374-0D16B7586659}.Debug|Any CPU.ActiveCfg = Debug|Any CPU
		{94170C97-517F-484E-9374-0D16B7586659}.Debug|Any CPU.Build.0 = Debug|Any CPU
		{94170C97-517F-484E-9374-0D16B7586659}.Release|Any CPU.ActiveCfg = Release|Any CPU
		{94170C97-517F-484E-9374-0D16B7586659}.Release|Any CPU.Build.0 = Release|Any CPU
		{C6B15C94-1DB2-45D2-9A6A-7FE4E0B9B16C}.Debug|Any CPU.ActiveCfg = Debug|Any CPU
		{C6B15C94-1DB2-45D2-9A6A-7FE4E0B9B16C}.Debug|Any CPU.Build.0 = Debug|Any CPU
		{C6B15C94-1DB2-45D2-9A6A-7FE4E0B9B16C}.Release|Any CPU.ActiveCfg = Release|Any CPU
		{C6B15C94-1DB2-45D2-9A6A-7FE4E0B9B16C}.Release|Any CPU.Build.0 = Release|Any CPU
		{3FE377CB-8DFA-4418-A9DE-BDC875F94B5D}.Debug|Any CPU.ActiveCfg = Debug|Any CPU
		{3FE377CB-8DFA-4418-A9DE-BDC875F94B5D}.Debug|Any CPU.Build.0 = Debug|Any CPU
		{3FE377CB-8DFA-4418-A9DE-BDC875F94B5D}.Release|Any CPU.ActiveCfg = Release|Any CPU
		{3FE377CB-8DFA-4418-A9DE-BDC875F94B5D}.Release|Any CPU.Build.0 = Release|Any CPU
		{2FA39699-7A68-4B57-A9C9-07D4E6D14B51}.Debug|Any CPU.ActiveCfg = Debug|Any CPU
		{2FA39699-7A68-4B57-A9C9-07D4E6D14B51}.Debug|Any CPU.Build.0 = Debug|Any CPU
		{2FA39699-7A68-4B57-A9C9-07D4E6D14B51}.Release|Any CPU.ActiveCfg = Release|Any CPU
		{2FA39699-7A68-4B57-A9C9-07D4E6D14B51}.Release|Any CPU.Build.0 = Release|Any CPU
		{5E6C7B83-7449-413D-B1E5-5564173F15A7}.Debug|Any CPU.ActiveCfg = Debug|Any CPU
		{5E6C7B83-7449-413D-B1E5-5564173F15A7}.Debug|Any CPU.Build.0 = Debug|Any CPU
		{5E6C7B83-7449-413D-B1E5-5564173F15A7}.Release|Any CPU.ActiveCfg = Release|Any CPU
		{5E6C7B83-7449-413D-B1E5-5564173F15A7}.Release|Any CPU.Build.0 = Release|Any CPU
		{D2E25DDF-8891-4246-A36E-5268C78B25A9}.Debug|Any CPU.ActiveCfg = Debug|Any CPU
		{D2E25DDF-8891-4246-A36E-5268C78B25A9}.Debug|Any CPU.Build.0 = Debug|Any CPU
		{D2E25DDF-8891-4246-A36E-5268C78B25A9}.Release|Any CPU.ActiveCfg = Release|Any CPU
		{D2E25DDF-8891-4246-A36E-5268C78B25A9}.Release|Any CPU.Build.0 = Release|Any CPU
		{FF4F8D29-3ED7-4B4A-886F-A8217353438A}.Debug|Any CPU.ActiveCfg = Debug|Any CPU
		{FF4F8D29-3ED7-4B4A-886F-A8217353438A}.Debug|Any CPU.Build.0 = Debug|Any CPU
		{FF4F8D29-3ED7-4B4A-886F-A8217353438A}.Release|Any CPU.ActiveCfg = Release|Any CPU
		{FF4F8D29-3ED7-4B4A-886F-A8217353438A}.Release|Any CPU.Build.0 = Release|Any CPU
		{BCB6E576-38B2-4375-9FB1-6F4CDF03C811}.Debug|Any CPU.ActiveCfg = Debug|Any CPU
		{BCB6E576-38B2-4375-9FB1-6F4CDF03C811}.Debug|Any CPU.Build.0 = Debug|Any CPU
		{BCB6E576-38B2-4375-9FB1-6F4CDF03C811}.Release|Any CPU.ActiveCfg = Release|Any CPU
		{BCB6E576-38B2-4375-9FB1-6F4CDF03C811}.Release|Any CPU.Build.0 = Release|Any CPU
		{3A6868B0-77C8-4E01-B079-AEBF1BF5F711}.Debug|Any CPU.ActiveCfg = Debug|Any CPU
		{3A6868B0-77C8-4E01-B079-AEBF1BF5F711}.Debug|Any CPU.Build.0 = Debug|Any CPU
		{3A6868B0-77C8-4E01-B079-AEBF1BF5F711}.Release|Any CPU.ActiveCfg = Release|Any CPU
		{3A6868B0-77C8-4E01-B079-AEBF1BF5F711}.Release|Any CPU.Build.0 = Release|Any CPU
		{77213CF0-715D-4A7A-9BF9-EA425FAA7978}.Debug|Any CPU.ActiveCfg = Debug|Any CPU
		{77213CF0-715D-4A7A-9BF9-EA425FAA7978}.Debug|Any CPU.Build.0 = Debug|Any CPU
		{77213CF0-715D-4A7A-9BF9-EA425FAA7978}.Release|Any CPU.ActiveCfg = Release|Any CPU
		{77213CF0-715D-4A7A-9BF9-EA425FAA7978}.Release|Any CPU.Build.0 = Release|Any CPU
		{92502737-5398-464C-B316-13A948306BA2}.Debug|Any CPU.ActiveCfg = Debug|Any CPU
		{92502737-5398-464C-B316-13A948306BA2}.Debug|Any CPU.Build.0 = Debug|Any CPU
		{92502737-5398-464C-B316-13A948306BA2}.Release|Any CPU.ActiveCfg = Release|Any CPU
		{92502737-5398-464C-B316-13A948306BA2}.Release|Any CPU.Build.0 = Release|Any CPU
		{1E9CDB73-0091-466D-9880-CD70603868C6}.Debug|Any CPU.ActiveCfg = Debug|Any CPU
		{1E9CDB73-0091-466D-9880-CD70603868C6}.Debug|Any CPU.Build.0 = Debug|Any CPU
		{1E9CDB73-0091-466D-9880-CD70603868C6}.Release|Any CPU.ActiveCfg = Release|Any CPU
		{1E9CDB73-0091-466D-9880-CD70603868C6}.Release|Any CPU.Build.0 = Release|Any CPU
		{4C14A197-2A1E-409E-99F7-A8C19E5E3527}.Debug|Any CPU.ActiveCfg = Debug|Any CPU
		{4C14A197-2A1E-409E-99F7-A8C19E5E3527}.Debug|Any CPU.Build.0 = Debug|Any CPU
		{4C14A197-2A1E-409E-99F7-A8C19E5E3527}.Release|Any CPU.ActiveCfg = Release|Any CPU
		{4C14A197-2A1E-409E-99F7-A8C19E5E3527}.Release|Any CPU.Build.0 = Release|Any CPU
		{0B16DEA5-508B-4D78-A2B3-271907EA9A09}.Debug|Any CPU.ActiveCfg = Debug|Any CPU
		{0B16DEA5-508B-4D78-A2B3-271907EA9A09}.Debug|Any CPU.Build.0 = Debug|Any CPU
		{0B16DEA5-508B-4D78-A2B3-271907EA9A09}.Release|Any CPU.ActiveCfg = Release|Any CPU
		{0B16DEA5-508B-4D78-A2B3-271907EA9A09}.Release|Any CPU.Build.0 = Release|Any CPU
		{475A2BE3-7A3E-4C1C-9AD2-EAF05A53A1D2}.Debug|Any CPU.ActiveCfg = Debug|Any CPU
		{475A2BE3-7A3E-4C1C-9AD2-EAF05A53A1D2}.Debug|Any CPU.Build.0 = Debug|Any CPU
		{475A2BE3-7A3E-4C1C-9AD2-EAF05A53A1D2}.Release|Any CPU.ActiveCfg = Release|Any CPU
		{475A2BE3-7A3E-4C1C-9AD2-EAF05A53A1D2}.Release|Any CPU.Build.0 = Release|Any CPU
		{8B61FC0D-703D-485D-A287-E5228A8489C0}.Debug|Any CPU.ActiveCfg = Debug|Any CPU
		{8B61FC0D-703D-485D-A287-E5228A8489C0}.Debug|Any CPU.Build.0 = Debug|Any CPU
		{8B61FC0D-703D-485D-A287-E5228A8489C0}.Release|Any CPU.ActiveCfg = Release|Any CPU
		{8B61FC0D-703D-485D-A287-E5228A8489C0}.Release|Any CPU.Build.0 = Release|Any CPU
		{957C9851-AB1A-44ED-8A0B-73B7426D3039}.Debug|Any CPU.ActiveCfg = Debug|Any CPU
		{957C9851-AB1A-44ED-8A0B-73B7426D3039}.Debug|Any CPU.Build.0 = Debug|Any CPU
		{957C9851-AB1A-44ED-8A0B-73B7426D3039}.Release|Any CPU.ActiveCfg = Release|Any CPU
		{957C9851-AB1A-44ED-8A0B-73B7426D3039}.Release|Any CPU.Build.0 = Release|Any CPU
		{4EB6B820-E47C-44D6-BE9C-122FD072030E}.Debug|Any CPU.ActiveCfg = Debug|Any CPU
		{4EB6B820-E47C-44D6-BE9C-122FD072030E}.Debug|Any CPU.Build.0 = Debug|Any CPU
		{4EB6B820-E47C-44D6-BE9C-122FD072030E}.Release|Any CPU.ActiveCfg = Release|Any CPU
		{4EB6B820-E47C-44D6-BE9C-122FD072030E}.Release|Any CPU.Build.0 = Release|Any CPU
		{EF9140C6-DD72-4840-9B31-047BEA22BD29}.Debug|Any CPU.ActiveCfg = Debug|Any CPU
		{EF9140C6-DD72-4840-9B31-047BEA22BD29}.Debug|Any CPU.Build.0 = Debug|Any CPU
		{EF9140C6-DD72-4840-9B31-047BEA22BD29}.Release|Any CPU.ActiveCfg = Release|Any CPU
		{EF9140C6-DD72-4840-9B31-047BEA22BD29}.Release|Any CPU.Build.0 = Release|Any CPU
		{D6E9A91F-AC50-490A-893F-778A3A5A92CB}.Debug|Any CPU.ActiveCfg = Debug|Any CPU
		{D6E9A91F-AC50-490A-893F-778A3A5A92CB}.Debug|Any CPU.Build.0 = Debug|Any CPU
		{D6E9A91F-AC50-490A-893F-778A3A5A92CB}.Release|Any CPU.ActiveCfg = Release|Any CPU
		{D6E9A91F-AC50-490A-893F-778A3A5A92CB}.Release|Any CPU.Build.0 = Release|Any CPU
	EndGlobalSection
	GlobalSection(SolutionProperties) = preSolution
		HideSolutionNode = FALSE
	EndGlobalSection
	GlobalSection(NestedProjects) = preSolution
		{729FA1B2-130A-400B-ACA9-5282680C1989} = {6BE6890F-D8A6-49D6-9D18-F82D88EB0953}
		{846FF41B-A4D3-43C9-A820-FA081941F222} = {57ECE640-748C-46BB-B75E-85BFD1BACC02}
		{34FCFF7B-908E-4066-9459-3FDE44834449} = {57ECE640-748C-46BB-B75E-85BFD1BACC02}
		{80CF27EA-9A3F-44CF-8BA2-E27056AA99F2} = {57ECE640-748C-46BB-B75E-85BFD1BACC02}
		{D7089331-D942-4345-8CBA-2E5494D20500} = {57ECE640-748C-46BB-B75E-85BFD1BACC02}
		{7BE15089-956D-4D72-88E4-F65969AB68AF} = {57ECE640-748C-46BB-B75E-85BFD1BACC02}
		{2DD29B56-AD57-436B-A5E1-97F02FF50EC6} = {57ECE640-748C-46BB-B75E-85BFD1BACC02}
		{07390BB0-2CB5-44B3-8B69-D9C14843706F} = {57ECE640-748C-46BB-B75E-85BFD1BACC02}
		{507B4AB4-2F92-42D4-A253-57EDD43ADF81} = {57ECE640-748C-46BB-B75E-85BFD1BACC02}
		{684C0DED-D458-4431-A10D-1F45EDDDFB9A} = {0687BBE3-508A-4401-9FEC-A832AC3D9F02}
		{C527F33B-B23F-402A-9C80-3379FE9A76AC} = {6060708F-55E1-4C6B-918C-12A3C7E2E121}
		{DF2B9D2E-A9A7-4D9A-8336-C3D6F0AEF0CC} = {6060708F-55E1-4C6B-918C-12A3C7E2E121}
		{242D0F44-2123-4812-B99C-CC6E5F9FE690} = {6060708F-55E1-4C6B-918C-12A3C7E2E121}
		{F7AA8047-8930-412E-B8B0-B85C559E5602} = {6060708F-55E1-4C6B-918C-12A3C7E2E121}
		{94170C97-517F-484E-9374-0D16B7586659} = {6060708F-55E1-4C6B-918C-12A3C7E2E121}
		{C6B15C94-1DB2-45D2-9A6A-7FE4E0B9B16C} = {6060708F-55E1-4C6B-918C-12A3C7E2E121}
		{3FE377CB-8DFA-4418-A9DE-BDC875F94B5D} = {6060708F-55E1-4C6B-918C-12A3C7E2E121}
		{2FA39699-7A68-4B57-A9C9-07D4E6D14B51} = {6060708F-55E1-4C6B-918C-12A3C7E2E121}
		{5E6C7B83-7449-413D-B1E5-5564173F15A7} = {6060708F-55E1-4C6B-918C-12A3C7E2E121}
		{D2E25DDF-8891-4246-A36E-5268C78B25A9} = {6060708F-55E1-4C6B-918C-12A3C7E2E121}
		{FF4F8D29-3ED7-4B4A-886F-A8217353438A} = {6060708F-55E1-4C6B-918C-12A3C7E2E121}
		{BCB6E576-38B2-4375-9FB1-6F4CDF03C811} = {6060708F-55E1-4C6B-918C-12A3C7E2E121}
		{3A6868B0-77C8-4E01-B079-AEBF1BF5F711} = {6060708F-55E1-4C6B-918C-12A3C7E2E121}
		{77213CF0-715D-4A7A-9BF9-EA425FAA7978} = {6060708F-55E1-4C6B-918C-12A3C7E2E121}
		{92502737-5398-464C-B316-13A948306BA2} = {6060708F-55E1-4C6B-918C-12A3C7E2E121}
		{1E9CDB73-0091-466D-9880-CD70603868C6} = {6060708F-55E1-4C6B-918C-12A3C7E2E121}
		{4C14A197-2A1E-409E-99F7-A8C19E5E3527} = {6060708F-55E1-4C6B-918C-12A3C7E2E121}
		{0B16DEA5-508B-4D78-A2B3-271907EA9A09} = {6060708F-55E1-4C6B-918C-12A3C7E2E121}
		{475A2BE3-7A3E-4C1C-9AD2-EAF05A53A1D2} = {6060708F-55E1-4C6B-918C-12A3C7E2E121}
		{8B61FC0D-703D-485D-A287-E5228A8489C0} = {6060708F-55E1-4C6B-918C-12A3C7E2E121}
		{957C9851-AB1A-44ED-8A0B-73B7426D3039} = {6060708F-55E1-4C6B-918C-12A3C7E2E121}
		{D6E9A91F-AC50-490A-893F-778A3A5A92CB} = {6060708F-55E1-4C6B-918C-12A3C7E2E121}
	EndGlobalSection
	GlobalSection(ExtensibilityGlobals) = postSolution
		SolutionGuid = {E145E9C1-1C32-4C32-B9E5-527B3264C841}
	EndGlobalSection
EndGlobal
