
Microsoft Visual Studio Solution File, Format Version 12.00
# Visual Studio Version 17
VisualStudioVersion = 17.10.35027.167
MinimumVisualStudioVersion = 10.0.40219.1
Project("{9A19103F-16F7-4668-BE54-9A1E7A4F7556}") = "Genie.Web.Api", "Genie.Web.Api.csproj", "{DD95B1B9-92E7-4F44-AAD4-B836CD4EB46A}"
EndProject
Project("{9A19103F-16F7-4668-BE54-9A1E7A4F7556}") = "Genie.Common", "..\Genie.Common\Genie.Common.csproj", "{155F705B-979C-403E-9125-EC592505D7B1}"
EndProject
Project("{9A19103F-16F7-4668-BE54-9A1E7A4F7556}") = "Genie.Actors", "..\Genie.Actors\Genie.Actors.csproj", "{8E5AA57F-B43B-40B8-80BB-97823D37EA74}"
EndProject
Project("{2150E333-8FDC-42A3-9474-1A3956D46DE8}") = "SharedFiles", "SharedFiles", "{6BE6890F-D8A6-49D6-9D18-F82D88EB0953}"
	ProjectSection(SolutionItems) = preProject
		..\SharedFiles\appsettings.Development.json = ..\SharedFiles\appsettings.Development.json
		..\SharedFiles\appsettings.json = ..\SharedFiles\appsettings.json
		..\SharedFiles\appsettings.UnitTest.json = ..\SharedFiles\appsettings.UnitTest.json
		..\SharedFiles\geocast.png = ..\SharedFiles\geocast.png
		..\SharedFiles\luxePod.pfx = ..\SharedFiles\luxePod.pfx
	EndProjectSection
EndProject
Project("{9A19103F-16F7-4668-BE54-9A1E7A4F7556}") = "Genie.Scratch", "..\Genie.Scratch\Genie.Scratch.csproj", "{FBD870F2-A142-48BD-BB89-A1BF0E50A997}"
EndProject
Project("{9A19103F-16F7-4668-BE54-9A1E7A4F7556}") = "Genie.Benchmarks", "..\Genie.Benchmarks\Genie.Benchmarks.csproj", "{974B9C31-872D-437C-86EA-0B40F8A50400}"
EndProject
Project("{9A19103F-16F7-4668-BE54-9A1E7A4F7556}") = "Genie.IngressConsumer", "..\Genie.IngressConsumer\Genie.IngressConsumer.csproj", "{E896B40E-5F53-44E1-B519-4C69CA4306B6}"
EndProject
Project("{9A19103F-16F7-4668-BE54-9A1E7A4F7556}") = "Genie.Extensions.Genius", "..\Genie.Extensions.Genius\Genie.Extensions.Genius.csproj", "{8627E456-22E5-42FB-A055-4FE7C80A1852}"
EndProject
Project("{9A19103F-16F7-4668-BE54-9A1E7A4F7556}") = "GameLicenseExample", "..\GameLicenseExample\GameLicenseExample.csproj", "{E2F9BBCE-A45B-4E93-86A1-F1D3EC24CFE3}"
EndProject
Project("{2150E333-8FDC-42A3-9474-1A3956D46DE8}") = "Protos", "Protos", "{729FA1B2-130A-400B-ACA9-5282680C1989}"
	ProjectSection(SolutionItems) = preProject
		..\SharedFiles\Protos\changefeed.proto = ..\SharedFiles\Protos\changefeed.proto
		..\SharedFiles\Protos\event.proto = ..\SharedFiles\Protos\event.proto
		..\SharedFiles\Protos\genius.proto = ..\SharedFiles\Protos\genius.proto
		..\SharedFiles\Protos\shared.proto = ..\SharedFiles\Protos\shared.proto
	EndProjectSection
EndProject
Project("{9A19103F-16F7-4668-BE54-9A1E7A4F7556}") = "Genie.Common.Crypto", "..\Genie.Common.Adapters.Crypto\Genie.Common.Crypto.csproj", "{F3C91301-8385-4997-941A-9AC48D443417}"
EndProject
Project("{2150E333-8FDC-42A3-9474-1A3956D46DE8}") = "Keys", "Keys", "{2DA4BF80-6AD9-4214-A568-E63CF8BAD745}"
EndProject
Project("{2150E333-8FDC-42A3-9474-1A3956D46DE8}") = "Alice", "Alice", "{0B9BA3B0-805D-40FE-BD71-DA3EA9870ED5}"
	ProjectSection(SolutionItems) = preProject
		..\SharedFiles\Keys\Alice\AliceDilithium2.cer = ..\SharedFiles\Keys\Alice\AliceDilithium2.cer
		..\SharedFiles\Keys\Alice\AliceDilithium2.key = ..\SharedFiles\Keys\Alice\AliceDilithium2.key
		..\SharedFiles\Keys\Alice\AliceDilithium5.cer = ..\SharedFiles\Keys\Alice\AliceDilithium5.cer
		..\SharedFiles\Keys\Alice\AliceDilithium5.key = ..\SharedFiles\Keys\Alice\AliceDilithium5.key
		..\SharedFiles\Keys\Alice\AliceEd448.cer = ..\SharedFiles\Keys\Alice\AliceEd448.cer
		..\SharedFiles\Keys\Alice\AliceEd448.key = ..\SharedFiles\Keys\Alice\AliceEd448.key
		..\SharedFiles\Keys\Alice\AliceX448.cer = ..\SharedFiles\Keys\Alice\AliceX448.cer
		..\SharedFiles\Keys\Alice\AliceX448.key = ..\SharedFiles\Keys\Alice\AliceX448.key
		..\SharedFiles\Keys\Alice\DilithiumAdapter.cer = ..\SharedFiles\Keys\Alice\DilithiumAdapter.cer
		..\SharedFiles\Keys\Alice\DilithiumAdapter.key = ..\SharedFiles\Keys\Alice\DilithiumAdapter.key
		..\SharedFiles\Keys\Alice\Ed25519SigningAdapter.cer = ..\SharedFiles\Keys\Alice\Ed25519SigningAdapter.cer
		..\SharedFiles\Keys\Alice\Ed25519SigningAdapter.key = ..\SharedFiles\Keys\Alice\Ed25519SigningAdapter.key
		..\SharedFiles\Keys\Alice\KyberAdapter.cer = ..\SharedFiles\Keys\Alice\KyberAdapter.cer
		..\SharedFiles\Keys\Alice\KyberAdapter.key = ..\SharedFiles\Keys\Alice\KyberAdapter.key
		..\SharedFiles\Keys\Alice\X25519Adapter.cer = ..\SharedFiles\Keys\Alice\X25519Adapter.cer
		..\SharedFiles\Keys\Alice\X25519Adapter.key = ..\SharedFiles\Keys\Alice\X25519Adapter.key
	EndProjectSection
EndProject
Project("{2150E333-8FDC-42A3-9474-1A3956D46DE8}") = "Bob", "Bob", "{BEB6C52B-344C-4410-B2D6-8FD1F622F14D}"
	ProjectSection(SolutionItems) = preProject
		..\SharedFiles\Keys\Bob\BobDilithium2.cer = ..\SharedFiles\Keys\Bob\BobDilithium2.cer
		..\SharedFiles\Keys\Bob\BobDilithium2.key = ..\SharedFiles\Keys\Bob\BobDilithium2.key
		..\SharedFiles\Keys\Bob\BobDilithium5.cer = ..\SharedFiles\Keys\Bob\BobDilithium5.cer
		..\SharedFiles\Keys\Bob\BobDilithium5.key = ..\SharedFiles\Keys\Bob\BobDilithium5.key
		..\SharedFiles\Keys\Bob\BobEd448.cer = ..\SharedFiles\Keys\Bob\BobEd448.cer
		..\SharedFiles\Keys\Bob\BobEd448.key = ..\SharedFiles\Keys\Bob\BobEd448.key
		..\SharedFiles\Keys\Bob\BobX448.cer = ..\SharedFiles\Keys\Bob\BobX448.cer
		..\SharedFiles\Keys\Bob\BobX448.key = ..\SharedFiles\Keys\Bob\BobX448.key
		..\SharedFiles\Keys\Bob\DilithiumAdapter.cer = ..\SharedFiles\Keys\Bob\DilithiumAdapter.cer
		..\SharedFiles\Keys\Bob\DilithiumAdapter.key = ..\SharedFiles\Keys\Bob\DilithiumAdapter.key
		..\SharedFiles\Keys\Bob\Ed25519SigningAdapter.cer = ..\SharedFiles\Keys\Bob\Ed25519SigningAdapter.cer
		..\SharedFiles\Keys\Bob\Ed25519SigningAdapter.key = ..\SharedFiles\Keys\Bob\Ed25519SigningAdapter.key
		..\SharedFiles\Keys\Bob\KyberAdapter.cer = ..\SharedFiles\Keys\Bob\KyberAdapter.cer
		..\SharedFiles\Keys\Bob\KyberAdapter.key = ..\SharedFiles\Keys\Bob\KyberAdapter.key
		..\SharedFiles\Keys\Bob\X25519Adapter.cer = ..\SharedFiles\Keys\Bob\X25519Adapter.cer
		..\SharedFiles\Keys\Bob\X25519Adapter.key = ..\SharedFiles\Keys\Bob\X25519Adapter.key
	EndProjectSection
EndProject
Project("{9A19103F-16F7-4668-BE54-9A1E7A4F7556}") = "Genie.Utils", "..\Genie.Utils\Genie.Utils.csproj", "{73072F3E-59C2-4045-8BC3-ED47543182D0}"
EndProject
Project("{FAE04EC0-301F-11D3-BF4B-00C04F79EFBC}") = "Genie.Common.Crypto.Nist", "..\Genie.Common.Crypto.Nist\Genie.Common.Crypto.Nist.csproj", "{F9B395A5-79CD-4AC5-8140-37F7C3F0655A}"
EndProject
Global
	GlobalSection(SolutionConfigurationPlatforms) = preSolution
		Debug|Any CPU = Debug|Any CPU
		Release|Any CPU = Release|Any CPU
	EndGlobalSection
	GlobalSection(ProjectConfigurationPlatforms) = postSolution
		{DD95B1B9-92E7-4F44-AAD4-B836CD4EB46A}.Debug|Any CPU.ActiveCfg = Debug|Any CPU
		{DD95B1B9-92E7-4F44-AAD4-B836CD4EB46A}.Debug|Any CPU.Build.0 = Debug|Any CPU
		{DD95B1B9-92E7-4F44-AAD4-B836CD4EB46A}.Release|Any CPU.ActiveCfg = Release|Any CPU
		{DD95B1B9-92E7-4F44-AAD4-B836CD4EB46A}.Release|Any CPU.Build.0 = Release|Any CPU
		{155F705B-979C-403E-9125-EC592505D7B1}.Debug|Any CPU.ActiveCfg = Debug|Any CPU
		{155F705B-979C-403E-9125-EC592505D7B1}.Debug|Any CPU.Build.0 = Debug|Any CPU
		{155F705B-979C-403E-9125-EC592505D7B1}.Release|Any CPU.ActiveCfg = Release|Any CPU
		{155F705B-979C-403E-9125-EC592505D7B1}.Release|Any CPU.Build.0 = Release|Any CPU
		{8E5AA57F-B43B-40B8-80BB-97823D37EA74}.Debug|Any CPU.ActiveCfg = Debug|Any CPU
		{8E5AA57F-B43B-40B8-80BB-97823D37EA74}.Debug|Any CPU.Build.0 = Debug|Any CPU
		{8E5AA57F-B43B-40B8-80BB-97823D37EA74}.Release|Any CPU.ActiveCfg = Release|Any CPU
		{8E5AA57F-B43B-40B8-80BB-97823D37EA74}.Release|Any CPU.Build.0 = Release|Any CPU
		{FBD870F2-A142-48BD-BB89-A1BF0E50A997}.Debug|Any CPU.ActiveCfg = Debug|Any CPU
		{FBD870F2-A142-48BD-BB89-A1BF0E50A997}.Debug|Any CPU.Build.0 = Debug|Any CPU
		{FBD870F2-A142-48BD-BB89-A1BF0E50A997}.Release|Any CPU.ActiveCfg = Release|Any CPU
		{FBD870F2-A142-48BD-BB89-A1BF0E50A997}.Release|Any CPU.Build.0 = Release|Any CPU
		{974B9C31-872D-437C-86EA-0B40F8A50400}.Debug|Any CPU.ActiveCfg = Debug|Any CPU
		{974B9C31-872D-437C-86EA-0B40F8A50400}.Debug|Any CPU.Build.0 = Debug|Any CPU
		{974B9C31-872D-437C-86EA-0B40F8A50400}.Release|Any CPU.ActiveCfg = Release|Any CPU
		{974B9C31-872D-437C-86EA-0B40F8A50400}.Release|Any CPU.Build.0 = Release|Any CPU
		{E896B40E-5F53-44E1-B519-4C69CA4306B6}.Debug|Any CPU.ActiveCfg = Debug|Any CPU
		{E896B40E-5F53-44E1-B519-4C69CA4306B6}.Debug|Any CPU.Build.0 = Debug|Any CPU
		{E896B40E-5F53-44E1-B519-4C69CA4306B6}.Release|Any CPU.ActiveCfg = Release|Any CPU
		{E896B40E-5F53-44E1-B519-4C69CA4306B6}.Release|Any CPU.Build.0 = Release|Any CPU
		{8627E456-22E5-42FB-A055-4FE7C80A1852}.Debug|Any CPU.ActiveCfg = Debug|Any CPU
		{8627E456-22E5-42FB-A055-4FE7C80A1852}.Debug|Any CPU.Build.0 = Debug|Any CPU
		{8627E456-22E5-42FB-A055-4FE7C80A1852}.Release|Any CPU.ActiveCfg = Release|Any CPU
		{8627E456-22E5-42FB-A055-4FE7C80A1852}.Release|Any CPU.Build.0 = Release|Any CPU
		{E2F9BBCE-A45B-4E93-86A1-F1D3EC24CFE3}.Debug|Any CPU.ActiveCfg = Debug|Any CPU
		{E2F9BBCE-A45B-4E93-86A1-F1D3EC24CFE3}.Debug|Any CPU.Build.0 = Debug|Any CPU
		{E2F9BBCE-A45B-4E93-86A1-F1D3EC24CFE3}.Release|Any CPU.ActiveCfg = Release|Any CPU
		{E2F9BBCE-A45B-4E93-86A1-F1D3EC24CFE3}.Release|Any CPU.Build.0 = Release|Any CPU
		{F3C91301-8385-4997-941A-9AC48D443417}.Debug|Any CPU.ActiveCfg = Debug|Any CPU
		{F3C91301-8385-4997-941A-9AC48D443417}.Debug|Any CPU.Build.0 = Debug|Any CPU
		{F3C91301-8385-4997-941A-9AC48D443417}.Release|Any CPU.ActiveCfg = Release|Any CPU
		{F3C91301-8385-4997-941A-9AC48D443417}.Release|Any CPU.Build.0 = Release|Any CPU
		{73072F3E-59C2-4045-8BC3-ED47543182D0}.Debug|Any CPU.ActiveCfg = Debug|Any CPU
		{73072F3E-59C2-4045-8BC3-ED47543182D0}.Debug|Any CPU.Build.0 = Debug|Any CPU
		{73072F3E-59C2-4045-8BC3-ED47543182D0}.Release|Any CPU.ActiveCfg = Release|Any CPU
		{73072F3E-59C2-4045-8BC3-ED47543182D0}.Release|Any CPU.Build.0 = Release|Any CPU
		{F9B395A5-79CD-4AC5-8140-37F7C3F0655A}.Debug|Any CPU.ActiveCfg = Debug|Any CPU
		{F9B395A5-79CD-4AC5-8140-37F7C3F0655A}.Debug|Any CPU.Build.0 = Debug|Any CPU
		{F9B395A5-79CD-4AC5-8140-37F7C3F0655A}.Release|Any CPU.ActiveCfg = Release|Any CPU
		{F9B395A5-79CD-4AC5-8140-37F7C3F0655A}.Release|Any CPU.Build.0 = Release|Any CPU
	EndGlobalSection
	GlobalSection(SolutionProperties) = preSolution
		HideSolutionNode = FALSE
	EndGlobalSection
	GlobalSection(NestedProjects) = preSolution
		{729FA1B2-130A-400B-ACA9-5282680C1989} = {6BE6890F-D8A6-49D6-9D18-F82D88EB0953}
		{2DA4BF80-6AD9-4214-A568-E63CF8BAD745} = {6BE6890F-D8A6-49D6-9D18-F82D88EB0953}
		{0B9BA3B0-805D-40FE-BD71-DA3EA9870ED5} = {2DA4BF80-6AD9-4214-A568-E63CF8BAD745}
		{BEB6C52B-344C-4410-B2D6-8FD1F622F14D} = {2DA4BF80-6AD9-4214-A568-E63CF8BAD745}
	EndGlobalSection
	GlobalSection(ExtensibilityGlobals) = postSolution
		SolutionGuid = {E145E9C1-1C32-4C32-B9E5-527B3264C841}
	EndGlobalSection
EndGlobal
